// !$*UTF8*$!
{
	archiveVersion = 1;
	classes = {
	};
	objectVersion = 46;
	objects = {

/* Begin PBXBuildFile section */
		5AEAD03D57A1938CD5033752 /* Pods.framework in Frameworks */ = {isa = PBXBuildFile; fileRef = 8F55B9FC2E6AA861816118FA /* Pods.framework */; };
		EC025E471C45FB7D001C16D8 /* UIScrollView+Paging.m in Sources */ = {isa = PBXBuildFile; fileRef = EC025E461C45FB7D001C16D8 /* UIScrollView+Paging.m */; };
		EC029A551BDF54FE000F304C /* LuoIMagaCell.m in Sources */ = {isa = PBXBuildFile; fileRef = EC029A531BDF54FE000F304C /* LuoIMagaCell.m */; };
		EC029A561BDF54FE000F304C /* LuoIMagaCell.xib in Resources */ = {isa = PBXBuildFile; fileRef = EC029A541BDF54FE000F304C /* LuoIMagaCell.xib */; };
		EC029A581BDF64FA000F304C /* imagePlist.plist in Resources */ = {isa = PBXBuildFile; fileRef = EC029A571BDF64FA000F304C /* imagePlist.plist */; };
		EC0A94571BE20EEF0085BC9B /* CXHttpManager.m in Sources */ = {isa = PBXBuildFile; fileRef = EC0A94561BE20EEF0085BC9B /* CXHttpManager.m */; };
		EC0A945B1BE212020085BC9B /* ViedoModel.m in Sources */ = {isa = PBXBuildFile; fileRef = EC0A945A1BE212020085BC9B /* ViedoModel.m */; };
		EC0A94701BE350A00085BC9B /* VideoDetailController.m in Sources */ = {isa = PBXBuildFile; fileRef = EC0A946E1BE350A00085BC9B /* VideoDetailController.m */; };
		EC0A94711BE350A00085BC9B /* VideoDetailController.xib in Resources */ = {isa = PBXBuildFile; fileRef = EC0A946F1BE350A00085BC9B /* VideoDetailController.xib */; };
		EC1726831BF2F27F00A973EB /* PoeViewModel.m in Sources */ = {isa = PBXBuildFile; fileRef = EC17267D1BF2F27F00A973EB /* PoeViewModel.m */; };
		EC1726841BF2F27F00A973EB /* CXViewModelClass.m in Sources */ = {isa = PBXBuildFile; fileRef = EC1726801BF2F27F00A973EB /* CXViewModelClass.m */; };
		EC1726871BF300BA00A973EB /* ListenListViewModel.m in Sources */ = {isa = PBXBuildFile; fileRef = EC1726861BF300BA00A973EB /* ListenListViewModel.m */; };
		EC17268B1BF3023200A973EB /* PoeViewController.m in Sources */ = {isa = PBXBuildFile; fileRef = EC1726891BF3023200A973EB /* PoeViewController.m */; };
		EC17268C1BF3023200A973EB /* PoeViewController.xib in Resources */ = {isa = PBXBuildFile; fileRef = EC17268A1BF3023200A973EB /* PoeViewController.xib */; };
		EC1726B71BF3033F00A973EB /* AboutUsViewController.m in Sources */ = {isa = PBXBuildFile; fileRef = EC1726AD1BF3033F00A973EB /* AboutUsViewController.m */; };
		EC1726B91BF3033F00A973EB /* ClearCacheViewController.m in Sources */ = {isa = PBXBuildFile; fileRef = EC1726B11BF3033F00A973EB /* ClearCacheViewController.m */; };
		EC1726BB1BF3033F00A973EB /* SaveViewController.m in Sources */ = {isa = PBXBuildFile; fileRef = EC1726B51BF3033F00A973EB /* SaveViewController.m */; };
		EC1726C01BF3039E00A973EB /* Poem.m in Sources */ = {isa = PBXBuildFile; fileRef = EC1726BF1BF3039E00A973EB /* Poem.m */; };
		EC1726CA1BF30A4600A973EB /* CXAlterButton.m in Sources */ = {isa = PBXBuildFile; fileRef = EC1726C41BF30A4600A973EB /* CXAlterButton.m */; };
		EC1726CB1BF30A4600A973EB /* CXAlterItemButton.m in Sources */ = {isa = PBXBuildFile; fileRef = EC1726C61BF30A4600A973EB /* CXAlterItemButton.m */; };
		EC1726CC1BF30A4600A973EB /* CXWelcomeView.m in Sources */ = {isa = PBXBuildFile; fileRef = EC1726C91BF30A4600A973EB /* CXWelcomeView.m */; };
		EC1726D81BF30A8F00A973EB /* AFHTTPRequestOperationManager+RACSupport.m in Sources */ = {isa = PBXBuildFile; fileRef = EC1726D01BF30A8F00A973EB /* AFHTTPRequestOperationManager+RACSupport.m */; };
		EC1726D91BF30A8F00A973EB /* AFHTTPSessionManager+RACSupport.m in Sources */ = {isa = PBXBuildFile; fileRef = EC1726D21BF30A8F00A973EB /* AFHTTPSessionManager+RACSupport.m */; };
		EC1726DA1BF30A8F00A973EB /* AFURLConnectionOperation+RACSupport.m in Sources */ = {isa = PBXBuildFile; fileRef = EC1726D41BF30A8F00A973EB /* AFURLConnectionOperation+RACSupport.m */; };
		EC1726DB1BF30A8F00A973EB /* RACSubscriber+AFProgressCallbacks.m in Sources */ = {isa = PBXBuildFile; fileRef = EC1726D71BF30A8F00A973EB /* RACSubscriber+AFProgressCallbacks.m */; };
		EC2702FD1C3147F200D10C52 /* ODRefreshControl.m in Sources */ = {isa = PBXBuildFile; fileRef = EC2702FC1C3147F200D10C52 /* ODRefreshControl.m */; };
		EC378EB11BDDF7F6006FB4F0 /* ReadViewController.m in Sources */ = {isa = PBXBuildFile; fileRef = EC378EAF1BDDF7F6006FB4F0 /* ReadViewController.m */; };
		EC378EB21BDDF7F6006FB4F0 /* ReadViewController.xib in Resources */ = {isa = PBXBuildFile; fileRef = EC378EB01BDDF7F6006FB4F0 /* ReadViewController.xib */; };
		EC378EC01BDDF86E006FB4F0 /* FunnyViewController.m in Sources */ = {isa = PBXBuildFile; fileRef = EC378EBE1BDDF86E006FB4F0 /* FunnyViewController.m */; };
		EC378EC11BDDF86E006FB4F0 /* FunnyViewController.xib in Resources */ = {isa = PBXBuildFile; fileRef = EC378EBF1BDDF86E006FB4F0 /* FunnyViewController.xib */; };
		EC378EC91BDDFAC4006FB4F0 /* NavigationViewController.m in Sources */ = {isa = PBXBuildFile; fileRef = EC378EC71BDDFAC4006FB4F0 /* NavigationViewController.m */; };
		EC378ED11BDDFD6E006FB4F0 /* Image.xcassets in Resources */ = {isa = PBXBuildFile; fileRef = EC378ED01BDDFD6E006FB4F0 /* Image.xcassets */; };
		EC3DDA8B1C3113D900814986 /* CXAPIManage.m in Sources */ = {isa = PBXBuildFile; fileRef = EC3DDA8A1C3113D900814986 /* CXAPIManage.m */; };
		EC3DDA8E1C3125E100814986 /* CXAPIClient.m in Sources */ = {isa = PBXBuildFile; fileRef = EC3DDA8D1C3125E100814986 /* CXAPIClient.m */; };
		EC55B0F91C51CDEB00732520 /* CXDashLineView.m in Sources */ = {isa = PBXBuildFile; fileRef = EC55B0F81C51CDEB00732520 /* CXDashLineView.m */; };
		EC55B0FC1C5205C700732520 /* CXMagicMoveTransition.m in Sources */ = {isa = PBXBuildFile; fileRef = EC55B0FB1C5205C700732520 /* CXMagicMoveTransition.m */; };
		EC55B0FF1C520B7300732520 /* CXMagicMoveRetrun.m in Sources */ = {isa = PBXBuildFile; fileRef = EC55B0FE1C520B7300732520 /* CXMagicMoveRetrun.m */; };
		EC55F1E71C3263A10060E638 /* FMDatabaseQueue+Extension.m in Sources */ = {isa = PBXBuildFile; fileRef = EC55F1E61C3263A10060E638 /* FMDatabaseQueue+Extension.m */; };
		EC55F1EA1C3263F10060E638 /* SSObjectBase.m in Sources */ = {isa = PBXBuildFile; fileRef = EC55F1E91C3263F10060E638 /* SSObjectBase.m */; };
		EC5B45191C196B4700DBD54C /* CXPushTransition.m in Sources */ = {isa = PBXBuildFile; fileRef = EC5B45181C196B4700DBD54C /* CXPushTransition.m */; };
		EC5B451C1C198C2D00DBD54C /* CXPopTransition.m in Sources */ = {isa = PBXBuildFile; fileRef = EC5B451B1C198C2D00DBD54C /* CXPopTransition.m */; };
		EC5B45281C1AB6F800DBD54C /* CXIntercepter.m in Sources */ = {isa = PBXBuildFile; fileRef = EC5B45271C1AB6F800DBD54C /* CXIntercepter.m */; };
		EC6A7B741BFB085F00789E41 /* CXSliderViewCell.m in Sources */ = {isa = PBXBuildFile; fileRef = EC6A7B711BFB085F00789E41 /* CXSliderViewCell.m */; };
		EC6A7B751BFB085F00789E41 /* CXSliderViewLayout.m in Sources */ = {isa = PBXBuildFile; fileRef = EC6A7B731BFB085F00789E41 /* CXSliderViewLayout.m */; };
		EC6A7B781BFB10A400789E41 /* FunnyViewModel.m in Sources */ = {isa = PBXBuildFile; fileRef = EC6A7B771BFB10A400789E41 /* FunnyViewModel.m */; };
		EC7D9EBA1BFB294B0092D887 /* WebViewController.m in Sources */ = {isa = PBXBuildFile; fileRef = EC7D9EB81BFB294B0092D887 /* WebViewController.m */; };
		EC7D9EBB1BFB294B0092D887 /* WebViewController.xib in Resources */ = {isa = PBXBuildFile; fileRef = EC7D9EB91BFB294B0092D887 /* WebViewController.xib */; };
		EC7E6E361C05AE3C0062518A /* MuseumListViewModel.m in Sources */ = {isa = PBXBuildFile; fileRef = EC7E6E351C05AE3C0062518A /* MuseumListViewModel.m */; };
		EC7E6E3A1C05B1B80062518A /* MuseumModel.m in Sources */ = {isa = PBXBuildFile; fileRef = EC7E6E391C05B1B80062518A /* MuseumModel.m */; };
		EC7E6E511C05B4CA0062518A /* ArtCell.m in Sources */ = {isa = PBXBuildFile; fileRef = EC7E6E4A1C05B4CA0062518A /* ArtCell.m */; };
		EC7E6E521C05B4CA0062518A /* ArtHeaderView.m in Sources */ = {isa = PBXBuildFile; fileRef = EC7E6E4C1C05B4CA0062518A /* ArtHeaderView.m */; };
		EC7E6E531C05B4CA0062518A /* ArtViewController.m in Sources */ = {isa = PBXBuildFile; fileRef = EC7E6E4E1C05B4CA0062518A /* ArtViewController.m */; };
		EC7E6E651C06D1120062518A /* MuseumShowViewController.m in Sources */ = {isa = PBXBuildFile; fileRef = EC7E6E641C06D1120062518A /* MuseumShowViewController.m */; };
		EC7E6E681C06D12B0062518A /* MuseumShowCell.m in Sources */ = {isa = PBXBuildFile; fileRef = EC7E6E671C06D12B0062518A /* MuseumShowCell.m */; };
		EC7E6E741C06F0D50062518A /* MuseumShowViewModel.m in Sources */ = {isa = PBXBuildFile; fileRef = EC7E6E731C06F0D50062518A /* MuseumShowViewModel.m */; };
		EC7E6E771C06F1130062518A /* MuseumShowModel.m in Sources */ = {isa = PBXBuildFile; fileRef = EC7E6E761C06F1130062518A /* MuseumShowModel.m */; };
		EC82440E1C03FD7F0082219E /* CXDropMenuItemView.m in Sources */ = {isa = PBXBuildFile; fileRef = EC82440B1C03FD7F0082219E /* CXDropMenuItemView.m */; };
		EC82440F1C03FD7F0082219E /* CXDropMenuView.m in Sources */ = {isa = PBXBuildFile; fileRef = EC82440D1C03FD7F0082219E /* CXDropMenuView.m */; };
		EC9642051C0C364000D16E39 /* ShowDetailViewModel.m in Sources */ = {isa = PBXBuildFile; fileRef = EC9642041C0C364000D16E39 /* ShowDetailViewModel.m */; };
		EC9642101C0C93A500D16E39 /* ShowDetailViewController.m in Sources */ = {isa = PBXBuildFile; fileRef = EC96420E1C0C93A500D16E39 /* ShowDetailViewController.m */; };
		EC9642111C0C93A500D16E39 /* ShowDetailViewController.xib in Resources */ = {isa = PBXBuildFile; fileRef = EC96420F1C0C93A500D16E39 /* ShowDetailViewController.xib */; };
		ECA1D8D21C22827900DC35F9 /* ModalViewController.m in Sources */ = {isa = PBXBuildFile; fileRef = ECA1D8D11C22827900DC35F9 /* ModalViewController.m */; };
		ECA1D8D51C228F2000DC35F9 /* ModalView.m in Sources */ = {isa = PBXBuildFile; fileRef = ECA1D8D41C228F2000DC35F9 /* ModalView.m */; };
		ECA851EC1C27CDA600320E7C /* ViedoDetailViewModel.m in Sources */ = {isa = PBXBuildFile; fileRef = ECA851EB1C27CDA600320E7C /* ViedoDetailViewModel.m */; };
		ECA851EF1C27CDC000320E7C /* PlayOnViewModel.m in Sources */ = {isa = PBXBuildFile; fileRef = ECA851EE1C27CDC000320E7C /* PlayOnViewModel.m */; };
		ECA851F31C27FEA400320E7C /* DetailCell.m in Sources */ = {isa = PBXBuildFile; fileRef = ECA851F11C27FEA400320E7C /* DetailCell.m */; };
		ECA851F41C27FEA400320E7C /* DetailCell.xib in Resources */ = {isa = PBXBuildFile; fileRef = ECA851F21C27FEA400320E7C /* DetailCell.xib */; };
		ECA852001C291EC000320E7C /* PlayOnViewController.m in Sources */ = {isa = PBXBuildFile; fileRef = ECA851FE1C291EC000320E7C /* PlayOnViewController.m */; };
		ECA852011C291EC000320E7C /* PlayOnViewController.xib in Resources */ = {isa = PBXBuildFile; fileRef = ECA851FF1C291EC000320E7C /* PlayOnViewController.xib */; };
		ECA852051C293DF400320E7C /* PlayBaseViewController.m in Sources */ = {isa = PBXBuildFile; fileRef = ECA852031C293DF400320E7C /* PlayBaseViewController.m */; };
		ECA8520D1C2A4F7900320E7C /* CXAudioPlayer.m in Sources */ = {isa = PBXBuildFile; fileRef = ECA8520C1C2A4F7900320E7C /* CXAudioPlayer.m */; };
		ECA852341C2AA42300320E7C /* RadioListViewController.m in Sources */ = {isa = PBXBuildFile; fileRef = ECA852321C2AA42300320E7C /* RadioListViewController.m */; };
		ECA852351C2AA42300320E7C /* RadioListViewController.xib in Resources */ = {isa = PBXBuildFile; fileRef = ECA852331C2AA42300320E7C /* RadioListViewController.xib */; };
		ECA852391C2AA43B00320E7C /* RadioListCell.m in Sources */ = {isa = PBXBuildFile; fileRef = ECA852371C2AA43B00320E7C /* RadioListCell.m */; };
		ECA8523A1C2AA43B00320E7C /* RadioListCell.xib in Resources */ = {isa = PBXBuildFile; fileRef = ECA852381C2AA43B00320E7C /* RadioListCell.xib */; };
		ECA852401C2BC6E900320E7C /* CXNotification.m in Sources */ = {isa = PBXBuildFile; fileRef = ECA8523F1C2BC6E900320E7C /* CXNotification.m */; };
		ECA852441C2BCE1C00320E7C /* CXLineView.m in Sources */ = {isa = PBXBuildFile; fileRef = ECA852431C2BCE1C00320E7C /* CXLineView.m */; };
		ECBC75171C15211300234000 /* CXProgress.m in Sources */ = {isa = PBXBuildFile; fileRef = ECBC75161C15211300234000 /* CXProgress.m */; };
		ECC07BA81BDF1AC5003BE70B /* BaseViewController.m in Sources */ = {isa = PBXBuildFile; fileRef = ECC07BA61BDF1AC5003BE70B /* BaseViewController.m */; };
		ECC07BB61BDF531E003BE70B /* ListenViewController.m in Sources */ = {isa = PBXBuildFile; fileRef = ECC07BB41BDF531E003BE70B /* ListenViewController.m */; };
		ECC07BB71BDF531E003BE70B /* ListenViewController.xib in Resources */ = {isa = PBXBuildFile; fileRef = ECC07BB51BDF531E003BE70B /* ListenViewController.xib */; };
		ECC3814A1BD8863A007A3680 /* chaoxiTests.m in Sources */ = {isa = PBXBuildFile; fileRef = ECC381491BD8863A007A3680 /* chaoxiTests.m */; };
		ECC3819A1BD8898F007A3680 /* AppDelegate.m in Sources */ = {isa = PBXBuildFile; fileRef = ECC381981BD8898F007A3680 /* AppDelegate.m */; };
		ECC3819B1BD8898F007A3680 /* main.m in Sources */ = {isa = PBXBuildFile; fileRef = ECC381991BD8898F007A3680 /* main.m */; };
		ECD97A921C3262FD003B9514 /* NSObject+Common.m in Sources */ = {isa = PBXBuildFile; fileRef = ECD97A871C3262FD003B9514 /* NSObject+Common.m */; };
		ECD97A931C3262FD003B9514 /* UIImage+Blur.m in Sources */ = {isa = PBXBuildFile; fileRef = ECD97A891C3262FD003B9514 /* UIImage+Blur.m */; };
		ECD97A941C3262FD003B9514 /* UIImage+Common.m in Sources */ = {isa = PBXBuildFile; fileRef = ECD97A8B1C3262FD003B9514 /* UIImage+Common.m */; };
		ECD97A951C3262FD003B9514 /* UINavigationBar+Awesome.m in Sources */ = {isa = PBXBuildFile; fileRef = ECD97A8D1C3262FD003B9514 /* UINavigationBar+Awesome.m */; };
		ECD97A961C3262FD003B9514 /* UINavigationBar+HideAppear.m in Sources */ = {isa = PBXBuildFile; fileRef = ECD97A8F1C3262FD003B9514 /* UINavigationBar+HideAppear.m */; };
		ECD97A971C3262FD003B9514 /* UIView+Utils.m in Sources */ = {isa = PBXBuildFile; fileRef = ECD97A911C3262FD003B9514 /* UIView+Utils.m */; };
		ECEC6FAB1C17C45E00A5251D /* CXImageShow.m in Sources */ = {isa = PBXBuildFile; fileRef = ECEC6FAA1C17C45E00A5251D /* CXImageShow.m */; };
		ECFBA0EA1C23A6B100761349 /* CXPresentTransition.m in Sources */ = {isa = PBXBuildFile; fileRef = ECFBA0E91C23A6B100761349 /* CXPresentTransition.m */; };
		ECFBA0ED1C23A6C800761349 /* CXDismissTransition.m in Sources */ = {isa = PBXBuildFile; fileRef = ECFBA0EC1C23A6C800761349 /* CXDismissTransition.m */; };
		ECFBA0F01C23AAF500761349 /* MuseumDetailViewController.m in Sources */ = {isa = PBXBuildFile; fileRef = ECFBA0EF1C23AAF500761349 /* MuseumDetailViewController.m */; };
/* End PBXBuildFile section */

/* Begin PBXContainerItemProxy section */
		ECC381441BD8863A007A3680 /* PBXContainerItemProxy */ = {
			isa = PBXContainerItemProxy;
			containerPortal = ECC3811F1BD8863A007A3680 /* Project object */;
			proxyType = 1;
			remoteGlobalIDString = ECC381261BD8863A007A3680;
			remoteInfo = chaoxi;
		};
/* End PBXContainerItemProxy section */

/* Begin PBXFileReference section */
		3F2D210BB5C36AC66834FAF5 /* Pods.release.xcconfig */ = {isa = PBXFileReference; includeInIndex = 1; lastKnownFileType = text.xcconfig; name = Pods.release.xcconfig; path = "Pods/Target Support Files/Pods/Pods.release.xcconfig"; sourceTree = "<group>"; };
		85743A70CF82F191142250A8 /* Pods.debug.xcconfig */ = {isa = PBXFileReference; includeInIndex = 1; lastKnownFileType = text.xcconfig; name = Pods.debug.xcconfig; path = "Pods/Target Support Files/Pods/Pods.debug.xcconfig"; sourceTree = "<group>"; };
		8F55B9FC2E6AA861816118FA /* Pods.framework */ = {isa = PBXFileReference; explicitFileType = wrapper.framework; includeInIndex = 0; path = Pods.framework; sourceTree = BUILT_PRODUCTS_DIR; };
		EC025E451C45FB7D001C16D8 /* UIScrollView+Paging.h */ = {isa = PBXFileReference; fileEncoding = 4; lastKnownFileType = sourcecode.c.h; path = "UIScrollView+Paging.h"; sourceTree = "<group>"; };
		EC025E461C45FB7D001C16D8 /* UIScrollView+Paging.m */ = {isa = PBXFileReference; fileEncoding = 4; lastKnownFileType = sourcecode.c.objc; path = "UIScrollView+Paging.m"; sourceTree = "<group>"; };
		EC029A521BDF54FE000F304C /* LuoIMagaCell.h */ = {isa = PBXFileReference; fileEncoding = 4; lastKnownFileType = sourcecode.c.h; path = LuoIMagaCell.h; sourceTree = "<group>"; };
		EC029A531BDF54FE000F304C /* LuoIMagaCell.m */ = {isa = PBXFileReference; fileEncoding = 4; lastKnownFileType = sourcecode.c.objc; path = LuoIMagaCell.m; sourceTree = "<group>"; };
		EC029A541BDF54FE000F304C /* LuoIMagaCell.xib */ = {isa = PBXFileReference; fileEncoding = 4; lastKnownFileType = file.xib; path = LuoIMagaCell.xib; sourceTree = "<group>"; };
		EC029A571BDF64FA000F304C /* imagePlist.plist */ = {isa = PBXFileReference; fileEncoding = 4; lastKnownFileType = text.plist.xml; path = imagePlist.plist; sourceTree = "<group>"; };
		EC0A94521BE20AAC0085BC9B /* CXMacro.h */ = {isa = PBXFileReference; fileEncoding = 4; lastKnownFileType = sourcecode.c.h; path = CXMacro.h; sourceTree = "<group>"; };
		EC0A94551BE20EEF0085BC9B /* CXHttpManager.h */ = {isa = PBXFileReference; fileEncoding = 4; lastKnownFileType = sourcecode.c.h; path = CXHttpManager.h; sourceTree = "<group>"; };
		EC0A94561BE20EEF0085BC9B /* CXHttpManager.m */ = {isa = PBXFileReference; fileEncoding = 4; lastKnownFileType = sourcecode.c.objc; path = CXHttpManager.m; sourceTree = "<group>"; };
		EC0A94591BE212020085BC9B /* ViedoModel.h */ = {isa = PBXFileReference; fileEncoding = 4; lastKnownFileType = sourcecode.c.h; path = ViedoModel.h; sourceTree = "<group>"; };
		EC0A945A1BE212020085BC9B /* ViedoModel.m */ = {isa = PBXFileReference; fileEncoding = 4; lastKnownFileType = sourcecode.c.objc; path = ViedoModel.m; sourceTree = "<group>"; };
		EC0A946D1BE350A00085BC9B /* VideoDetailController.h */ = {isa = PBXFileReference; fileEncoding = 4; lastKnownFileType = sourcecode.c.h; path = VideoDetailController.h; sourceTree = "<group>"; };
		EC0A946E1BE350A00085BC9B /* VideoDetailController.m */ = {isa = PBXFileReference; fileEncoding = 4; lastKnownFileType = sourcecode.c.objc; path = VideoDetailController.m; sourceTree = "<group>"; };
		EC0A946F1BE350A00085BC9B /* VideoDetailController.xib */ = {isa = PBXFileReference; fileEncoding = 4; lastKnownFileType = file.xib; path = VideoDetailController.xib; sourceTree = "<group>"; };
		EC17267C1BF2F27F00A973EB /* PoeViewModel.h */ = {isa = PBXFileReference; fileEncoding = 4; lastKnownFileType = sourcecode.c.h; path = PoeViewModel.h; sourceTree = "<group>"; };
		EC17267D1BF2F27F00A973EB /* PoeViewModel.m */ = {isa = PBXFileReference; fileEncoding = 4; lastKnownFileType = sourcecode.c.objc; path = PoeViewModel.m; sourceTree = "<group>"; };
		EC17267F1BF2F27F00A973EB /* CXViewModelClass.h */ = {isa = PBXFileReference; fileEncoding = 4; lastKnownFileType = sourcecode.c.h; path = CXViewModelClass.h; sourceTree = "<group>"; };
		EC1726801BF2F27F00A973EB /* CXViewModelClass.m */ = {isa = PBXFileReference; fileEncoding = 4; lastKnownFileType = sourcecode.c.objc; path = CXViewModelClass.m; sourceTree = "<group>"; };
		EC1726851BF300BA00A973EB /* ListenListViewModel.h */ = {isa = PBXFileReference; fileEncoding = 4; lastKnownFileType = sourcecode.c.h; path = ListenListViewModel.h; sourceTree = "<group>"; };
		EC1726861BF300BA00A973EB /* ListenListViewModel.m */ = {isa = PBXFileReference; fileEncoding = 4; lastKnownFileType = sourcecode.c.objc; path = ListenListViewModel.m; sourceTree = "<group>"; };
		EC1726881BF3023200A973EB /* PoeViewController.h */ = {isa = PBXFileReference; fileEncoding = 4; lastKnownFileType = sourcecode.c.h; path = PoeViewController.h; sourceTree = "<group>"; };
		EC1726891BF3023200A973EB /* PoeViewController.m */ = {isa = PBXFileReference; fileEncoding = 4; lastKnownFileType = sourcecode.c.objc; path = PoeViewController.m; sourceTree = "<group>"; };
		EC17268A1BF3023200A973EB /* PoeViewController.xib */ = {isa = PBXFileReference; fileEncoding = 4; lastKnownFileType = file.xib; path = PoeViewController.xib; sourceTree = "<group>"; };
		EC1726AC1BF3033F00A973EB /* AboutUsViewController.h */ = {isa = PBXFileReference; fileEncoding = 4; lastKnownFileType = sourcecode.c.h; path = AboutUsViewController.h; sourceTree = "<group>"; };
		EC1726AD1BF3033F00A973EB /* AboutUsViewController.m */ = {isa = PBXFileReference; fileEncoding = 4; lastKnownFileType = sourcecode.c.objc; path = AboutUsViewController.m; sourceTree = "<group>"; };
		EC1726B01BF3033F00A973EB /* ClearCacheViewController.h */ = {isa = PBXFileReference; fileEncoding = 4; lastKnownFileType = sourcecode.c.h; path = ClearCacheViewController.h; sourceTree = "<group>"; };
		EC1726B11BF3033F00A973EB /* ClearCacheViewController.m */ = {isa = PBXFileReference; fileEncoding = 4; lastKnownFileType = sourcecode.c.objc; path = ClearCacheViewController.m; sourceTree = "<group>"; };
		EC1726B41BF3033F00A973EB /* SaveViewController.h */ = {isa = PBXFileReference; fileEncoding = 4; lastKnownFileType = sourcecode.c.h; path = SaveViewController.h; sourceTree = "<group>"; };
		EC1726B51BF3033F00A973EB /* SaveViewController.m */ = {isa = PBXFileReference; fileEncoding = 4; lastKnownFileType = sourcecode.c.objc; path = SaveViewController.m; sourceTree = "<group>"; };
		EC1726BE1BF3039E00A973EB /* Poem.h */ = {isa = PBXFileReference; fileEncoding = 4; lastKnownFileType = sourcecode.c.h; path = Poem.h; sourceTree = "<group>"; };
		EC1726BF1BF3039E00A973EB /* Poem.m */ = {isa = PBXFileReference; fileEncoding = 4; lastKnownFileType = sourcecode.c.objc; path = Poem.m; sourceTree = "<group>"; };
		EC1726C31BF30A4600A973EB /* CXAlterButton.h */ = {isa = PBXFileReference; fileEncoding = 4; lastKnownFileType = sourcecode.c.h; path = CXAlterButton.h; sourceTree = "<group>"; };
		EC1726C41BF30A4600A973EB /* CXAlterButton.m */ = {isa = PBXFileReference; fileEncoding = 4; lastKnownFileType = sourcecode.c.objc; path = CXAlterButton.m; sourceTree = "<group>"; };
		EC1726C51BF30A4600A973EB /* CXAlterItemButton.h */ = {isa = PBXFileReference; fileEncoding = 4; lastKnownFileType = sourcecode.c.h; path = CXAlterItemButton.h; sourceTree = "<group>"; };
		EC1726C61BF30A4600A973EB /* CXAlterItemButton.m */ = {isa = PBXFileReference; fileEncoding = 4; lastKnownFileType = sourcecode.c.objc; path = CXAlterItemButton.m; sourceTree = "<group>"; };
		EC1726C81BF30A4600A973EB /* CXWelcomeView.h */ = {isa = PBXFileReference; fileEncoding = 4; lastKnownFileType = sourcecode.c.h; path = CXWelcomeView.h; sourceTree = "<group>"; };
		EC1726C91BF30A4600A973EB /* CXWelcomeView.m */ = {isa = PBXFileReference; fileEncoding = 4; lastKnownFileType = sourcecode.c.objc; path = CXWelcomeView.m; sourceTree = "<group>"; };
		EC1726CF1BF30A8F00A973EB /* AFHTTPRequestOperationManager+RACSupport.h */ = {isa = PBXFileReference; fileEncoding = 4; lastKnownFileType = sourcecode.c.h; path = "AFHTTPRequestOperationManager+RACSupport.h"; sourceTree = "<group>"; };
		EC1726D01BF30A8F00A973EB /* AFHTTPRequestOperationManager+RACSupport.m */ = {isa = PBXFileReference; fileEncoding = 4; lastKnownFileType = sourcecode.c.objc; path = "AFHTTPRequestOperationManager+RACSupport.m"; sourceTree = "<group>"; };
		EC1726D11BF30A8F00A973EB /* AFHTTPSessionManager+RACSupport.h */ = {isa = PBXFileReference; fileEncoding = 4; lastKnownFileType = sourcecode.c.h; path = "AFHTTPSessionManager+RACSupport.h"; sourceTree = "<group>"; };
		EC1726D21BF30A8F00A973EB /* AFHTTPSessionManager+RACSupport.m */ = {isa = PBXFileReference; fileEncoding = 4; lastKnownFileType = sourcecode.c.objc; path = "AFHTTPSessionManager+RACSupport.m"; sourceTree = "<group>"; };
		EC1726D31BF30A8F00A973EB /* AFURLConnectionOperation+RACSupport.h */ = {isa = PBXFileReference; fileEncoding = 4; lastKnownFileType = sourcecode.c.h; path = "AFURLConnectionOperation+RACSupport.h"; sourceTree = "<group>"; };
		EC1726D41BF30A8F00A973EB /* AFURLConnectionOperation+RACSupport.m */ = {isa = PBXFileReference; fileEncoding = 4; lastKnownFileType = sourcecode.c.objc; path = "AFURLConnectionOperation+RACSupport.m"; sourceTree = "<group>"; };
		EC1726D51BF30A8F00A973EB /* RACAFNetworking.h */ = {isa = PBXFileReference; fileEncoding = 4; lastKnownFileType = sourcecode.c.h; path = RACAFNetworking.h; sourceTree = "<group>"; };
		EC1726D61BF30A8F00A973EB /* RACSubscriber+AFProgressCallbacks.h */ = {isa = PBXFileReference; fileEncoding = 4; lastKnownFileType = sourcecode.c.h; path = "RACSubscriber+AFProgressCallbacks.h"; sourceTree = "<group>"; };
		EC1726D71BF30A8F00A973EB /* RACSubscriber+AFProgressCallbacks.m */ = {isa = PBXFileReference; fileEncoding = 4; lastKnownFileType = sourcecode.c.objc; path = "RACSubscriber+AFProgressCallbacks.m"; sourceTree = "<group>"; };
		EC2702FB1C3147F200D10C52 /* ODRefreshControl.h */ = {isa = PBXFileReference; fileEncoding = 4; lastKnownFileType = sourcecode.c.h; path = ODRefreshControl.h; sourceTree = "<group>"; };
		EC2702FC1C3147F200D10C52 /* ODRefreshControl.m */ = {isa = PBXFileReference; fileEncoding = 4; lastKnownFileType = sourcecode.c.objc; path = ODRefreshControl.m; sourceTree = "<group>"; };
		EC378EAE1BDDF7F6006FB4F0 /* ReadViewController.h */ = {isa = PBXFileReference; fileEncoding = 4; lastKnownFileType = sourcecode.c.h; path = ReadViewController.h; sourceTree = "<group>"; };
		EC378EAF1BDDF7F6006FB4F0 /* ReadViewController.m */ = {isa = PBXFileReference; fileEncoding = 4; lastKnownFileType = sourcecode.c.objc; path = ReadViewController.m; sourceTree = "<group>"; };
		EC378EB01BDDF7F6006FB4F0 /* ReadViewController.xib */ = {isa = PBXFileReference; fileEncoding = 4; lastKnownFileType = file.xib; path = ReadViewController.xib; sourceTree = "<group>"; };
		EC378EBD1BDDF86E006FB4F0 /* FunnyViewController.h */ = {isa = PBXFileReference; fileEncoding = 4; lastKnownFileType = sourcecode.c.h; path = FunnyViewController.h; sourceTree = "<group>"; };
		EC378EBE1BDDF86E006FB4F0 /* FunnyViewController.m */ = {isa = PBXFileReference; fileEncoding = 4; lastKnownFileType = sourcecode.c.objc; path = FunnyViewController.m; sourceTree = "<group>"; };
		EC378EBF1BDDF86E006FB4F0 /* FunnyViewController.xib */ = {isa = PBXFileReference; fileEncoding = 4; lastKnownFileType = file.xib; path = FunnyViewController.xib; sourceTree = "<group>"; };
		EC378EC61BDDFAC4006FB4F0 /* NavigationViewController.h */ = {isa = PBXFileReference; fileEncoding = 4; lastKnownFileType = sourcecode.c.h; path = NavigationViewController.h; sourceTree = "<group>"; };
		EC378EC71BDDFAC4006FB4F0 /* NavigationViewController.m */ = {isa = PBXFileReference; fileEncoding = 4; lastKnownFileType = sourcecode.c.objc; path = NavigationViewController.m; sourceTree = "<group>"; };
		EC378ED01BDDFD6E006FB4F0 /* Image.xcassets */ = {isa = PBXFileReference; lastKnownFileType = folder.assetcatalog; path = Image.xcassets; sourceTree = "<group>"; };
		EC3DDA891C3113D900814986 /* CXAPIManage.h */ = {isa = PBXFileReference; fileEncoding = 4; lastKnownFileType = sourcecode.c.h; path = CXAPIManage.h; sourceTree = "<group>"; };
		EC3DDA8A1C3113D900814986 /* CXAPIManage.m */ = {isa = PBXFileReference; fileEncoding = 4; lastKnownFileType = sourcecode.c.objc; path = CXAPIManage.m; sourceTree = "<group>"; };
		EC3DDA8C1C3125E100814986 /* CXAPIClient.h */ = {isa = PBXFileReference; fileEncoding = 4; lastKnownFileType = sourcecode.c.h; path = CXAPIClient.h; sourceTree = "<group>"; };
		EC3DDA8D1C3125E100814986 /* CXAPIClient.m */ = {isa = PBXFileReference; fileEncoding = 4; lastKnownFileType = sourcecode.c.objc; path = CXAPIClient.m; sourceTree = "<group>"; };
		EC55B0F71C51CDEB00732520 /* CXDashLineView.h */ = {isa = PBXFileReference; fileEncoding = 4; lastKnownFileType = sourcecode.c.h; path = CXDashLineView.h; sourceTree = "<group>"; };
		EC55B0F81C51CDEB00732520 /* CXDashLineView.m */ = {isa = PBXFileReference; fileEncoding = 4; lastKnownFileType = sourcecode.c.objc; path = CXDashLineView.m; sourceTree = "<group>"; };
		EC55B0FA1C5205C700732520 /* CXMagicMoveTransition.h */ = {isa = PBXFileReference; fileEncoding = 4; lastKnownFileType = sourcecode.c.h; path = CXMagicMoveTransition.h; sourceTree = "<group>"; };
		EC55B0FB1C5205C700732520 /* CXMagicMoveTransition.m */ = {isa = PBXFileReference; fileEncoding = 4; lastKnownFileType = sourcecode.c.objc; path = CXMagicMoveTransition.m; sourceTree = "<group>"; };
		EC55B0FD1C520B7300732520 /* CXMagicMoveRetrun.h */ = {isa = PBXFileReference; fileEncoding = 4; lastKnownFileType = sourcecode.c.h; path = CXMagicMoveRetrun.h; sourceTree = "<group>"; };
		EC55B0FE1C520B7300732520 /* CXMagicMoveRetrun.m */ = {isa = PBXFileReference; fileEncoding = 4; lastKnownFileType = sourcecode.c.objc; path = CXMagicMoveRetrun.m; sourceTree = "<group>"; };
		EC55F1E51C3263A10060E638 /* FMDatabaseQueue+Extension.h */ = {isa = PBXFileReference; fileEncoding = 4; lastKnownFileType = sourcecode.c.h; path = "FMDatabaseQueue+Extension.h"; sourceTree = "<group>"; };
		EC55F1E61C3263A10060E638 /* FMDatabaseQueue+Extension.m */ = {isa = PBXFileReference; fileEncoding = 4; lastKnownFileType = sourcecode.c.objc; path = "FMDatabaseQueue+Extension.m"; sourceTree = "<group>"; };
		EC55F1E81C3263F10060E638 /* SSObjectBase.h */ = {isa = PBXFileReference; fileEncoding = 4; lastKnownFileType = sourcecode.c.h; path = SSObjectBase.h; sourceTree = "<group>"; };
		EC55F1E91C3263F10060E638 /* SSObjectBase.m */ = {isa = PBXFileReference; fileEncoding = 4; lastKnownFileType = sourcecode.c.objc; path = SSObjectBase.m; sourceTree = "<group>"; };
		EC55F1EB1C3266740060E638 /* SQL.h */ = {isa = PBXFileReference; lastKnownFileType = sourcecode.c.h; path = SQL.h; sourceTree = "<group>"; };
		EC5B45171C196B4700DBD54C /* CXPushTransition.h */ = {isa = PBXFileReference; fileEncoding = 4; lastKnownFileType = sourcecode.c.h; path = CXPushTransition.h; sourceTree = "<group>"; };
		EC5B45181C196B4700DBD54C /* CXPushTransition.m */ = {isa = PBXFileReference; fileEncoding = 4; lastKnownFileType = sourcecode.c.objc; path = CXPushTransition.m; sourceTree = "<group>"; };
		EC5B451A1C198C2D00DBD54C /* CXPopTransition.h */ = {isa = PBXFileReference; fileEncoding = 4; lastKnownFileType = sourcecode.c.h; path = CXPopTransition.h; sourceTree = "<group>"; };
		EC5B451B1C198C2D00DBD54C /* CXPopTransition.m */ = {isa = PBXFileReference; fileEncoding = 4; lastKnownFileType = sourcecode.c.objc; path = CXPopTransition.m; sourceTree = "<group>"; };
		EC5B45261C1AB6F800DBD54C /* CXIntercepter.h */ = {isa = PBXFileReference; fileEncoding = 4; lastKnownFileType = sourcecode.c.h; path = CXIntercepter.h; sourceTree = "<group>"; };
		EC5B45271C1AB6F800DBD54C /* CXIntercepter.m */ = {isa = PBXFileReference; fileEncoding = 4; lastKnownFileType = sourcecode.c.objc; path = CXIntercepter.m; sourceTree = "<group>"; };
		EC6A7B701BFB085F00789E41 /* CXSliderViewCell.h */ = {isa = PBXFileReference; fileEncoding = 4; lastKnownFileType = sourcecode.c.h; path = CXSliderViewCell.h; sourceTree = "<group>"; };
		EC6A7B711BFB085F00789E41 /* CXSliderViewCell.m */ = {isa = PBXFileReference; fileEncoding = 4; lastKnownFileType = sourcecode.c.objc; path = CXSliderViewCell.m; sourceTree = "<group>"; };
		EC6A7B721BFB085F00789E41 /* CXSliderViewLayout.h */ = {isa = PBXFileReference; fileEncoding = 4; lastKnownFileType = sourcecode.c.h; path = CXSliderViewLayout.h; sourceTree = "<group>"; };
		EC6A7B731BFB085F00789E41 /* CXSliderViewLayout.m */ = {isa = PBXFileReference; fileEncoding = 4; lastKnownFileType = sourcecode.c.objc; path = CXSliderViewLayout.m; sourceTree = "<group>"; };
		EC6A7B761BFB10A400789E41 /* FunnyViewModel.h */ = {isa = PBXFileReference; fileEncoding = 4; lastKnownFileType = sourcecode.c.h; path = FunnyViewModel.h; sourceTree = "<group>"; };
		EC6A7B771BFB10A400789E41 /* FunnyViewModel.m */ = {isa = PBXFileReference; fileEncoding = 4; lastKnownFileType = sourcecode.c.objc; path = FunnyViewModel.m; sourceTree = "<group>"; };
		EC7D9EB71BFB294B0092D887 /* WebViewController.h */ = {isa = PBXFileReference; fileEncoding = 4; lastKnownFileType = sourcecode.c.h; path = WebViewController.h; sourceTree = "<group>"; };
		EC7D9EB81BFB294B0092D887 /* WebViewController.m */ = {isa = PBXFileReference; fileEncoding = 4; lastKnownFileType = sourcecode.c.objc; path = WebViewController.m; sourceTree = "<group>"; };
		EC7D9EB91BFB294B0092D887 /* WebViewController.xib */ = {isa = PBXFileReference; fileEncoding = 4; lastKnownFileType = file.xib; path = WebViewController.xib; sourceTree = "<group>"; };
		EC7E6E341C05AE3C0062518A /* MuseumListViewModel.h */ = {isa = PBXFileReference; fileEncoding = 4; lastKnownFileType = sourcecode.c.h; path = MuseumListViewModel.h; sourceTree = "<group>"; };
		EC7E6E351C05AE3C0062518A /* MuseumListViewModel.m */ = {isa = PBXFileReference; fileEncoding = 4; lastKnownFileType = sourcecode.c.objc; path = MuseumListViewModel.m; sourceTree = "<group>"; };
		EC7E6E381C05B1B80062518A /* MuseumModel.h */ = {isa = PBXFileReference; fileEncoding = 4; lastKnownFileType = sourcecode.c.h; path = MuseumModel.h; sourceTree = "<group>"; };
		EC7E6E391C05B1B80062518A /* MuseumModel.m */ = {isa = PBXFileReference; fileEncoding = 4; lastKnownFileType = sourcecode.c.objc; path = MuseumModel.m; sourceTree = "<group>"; };
		EC7E6E491C05B4CA0062518A /* ArtCell.h */ = {isa = PBXFileReference; fileEncoding = 4; lastKnownFileType = sourcecode.c.h; path = ArtCell.h; sourceTree = "<group>"; };
		EC7E6E4A1C05B4CA0062518A /* ArtCell.m */ = {isa = PBXFileReference; fileEncoding = 4; lastKnownFileType = sourcecode.c.objc; path = ArtCell.m; sourceTree = "<group>"; };
		EC7E6E4B1C05B4CA0062518A /* ArtHeaderView.h */ = {isa = PBXFileReference; fileEncoding = 4; lastKnownFileType = sourcecode.c.h; path = ArtHeaderView.h; sourceTree = "<group>"; };
		EC7E6E4C1C05B4CA0062518A /* ArtHeaderView.m */ = {isa = PBXFileReference; fileEncoding = 4; lastKnownFileType = sourcecode.c.objc; path = ArtHeaderView.m; sourceTree = "<group>"; };
		EC7E6E4D1C05B4CA0062518A /* ArtViewController.h */ = {isa = PBXFileReference; fileEncoding = 4; lastKnownFileType = sourcecode.c.h; path = ArtViewController.h; sourceTree = "<group>"; };
		EC7E6E4E1C05B4CA0062518A /* ArtViewController.m */ = {isa = PBXFileReference; fileEncoding = 4; lastKnownFileType = sourcecode.c.objc; path = ArtViewController.m; sourceTree = "<group>"; };
		EC7E6E631C06D1120062518A /* MuseumShowViewController.h */ = {isa = PBXFileReference; fileEncoding = 4; lastKnownFileType = sourcecode.c.h; path = MuseumShowViewController.h; sourceTree = "<group>"; };
		EC7E6E641C06D1120062518A /* MuseumShowViewController.m */ = {isa = PBXFileReference; fileEncoding = 4; lastKnownFileType = sourcecode.c.objc; path = MuseumShowViewController.m; sourceTree = "<group>"; };
		EC7E6E661C06D12B0062518A /* MuseumShowCell.h */ = {isa = PBXFileReference; fileEncoding = 4; lastKnownFileType = sourcecode.c.h; path = MuseumShowCell.h; sourceTree = "<group>"; };
		EC7E6E671C06D12B0062518A /* MuseumShowCell.m */ = {isa = PBXFileReference; fileEncoding = 4; lastKnownFileType = sourcecode.c.objc; path = MuseumShowCell.m; sourceTree = "<group>"; };
		EC7E6E721C06F0D50062518A /* MuseumShowViewModel.h */ = {isa = PBXFileReference; fileEncoding = 4; lastKnownFileType = sourcecode.c.h; path = MuseumShowViewModel.h; sourceTree = "<group>"; };
		EC7E6E731C06F0D50062518A /* MuseumShowViewModel.m */ = {isa = PBXFileReference; fileEncoding = 4; lastKnownFileType = sourcecode.c.objc; path = MuseumShowViewModel.m; sourceTree = "<group>"; };
		EC7E6E751C06F1130062518A /* MuseumShowModel.h */ = {isa = PBXFileReference; fileEncoding = 4; lastKnownFileType = sourcecode.c.h; path = MuseumShowModel.h; sourceTree = "<group>"; };
		EC7E6E761C06F1130062518A /* MuseumShowModel.m */ = {isa = PBXFileReference; fileEncoding = 4; lastKnownFileType = sourcecode.c.objc; path = MuseumShowModel.m; sourceTree = "<group>"; };
		EC82440A1C03FD7F0082219E /* CXDropMenuItemView.h */ = {isa = PBXFileReference; fileEncoding = 4; lastKnownFileType = sourcecode.c.h; path = CXDropMenuItemView.h; sourceTree = "<group>"; };
		EC82440B1C03FD7F0082219E /* CXDropMenuItemView.m */ = {isa = PBXFileReference; fileEncoding = 4; lastKnownFileType = sourcecode.c.objc; path = CXDropMenuItemView.m; sourceTree = "<group>"; };
		EC82440C1C03FD7F0082219E /* CXDropMenuView.h */ = {isa = PBXFileReference; fileEncoding = 4; lastKnownFileType = sourcecode.c.h; path = CXDropMenuView.h; sourceTree = "<group>"; };
		EC82440D1C03FD7F0082219E /* CXDropMenuView.m */ = {isa = PBXFileReference; fileEncoding = 4; lastKnownFileType = sourcecode.c.objc; path = CXDropMenuView.m; sourceTree = "<group>"; };
		EC9642031C0C364000D16E39 /* ShowDetailViewModel.h */ = {isa = PBXFileReference; fileEncoding = 4; lastKnownFileType = sourcecode.c.h; path = ShowDetailViewModel.h; sourceTree = "<group>"; };
		EC9642041C0C364000D16E39 /* ShowDetailViewModel.m */ = {isa = PBXFileReference; fileEncoding = 4; lastKnownFileType = sourcecode.c.objc; path = ShowDetailViewModel.m; sourceTree = "<group>"; };
		EC96420D1C0C93A500D16E39 /* ShowDetailViewController.h */ = {isa = PBXFileReference; fileEncoding = 4; lastKnownFileType = sourcecode.c.h; path = ShowDetailViewController.h; sourceTree = "<group>"; };
		EC96420E1C0C93A500D16E39 /* ShowDetailViewController.m */ = {isa = PBXFileReference; fileEncoding = 4; lastKnownFileType = sourcecode.c.objc; path = ShowDetailViewController.m; sourceTree = "<group>"; };
		EC96420F1C0C93A500D16E39 /* ShowDetailViewController.xib */ = {isa = PBXFileReference; fileEncoding = 4; lastKnownFileType = file.xib; path = ShowDetailViewController.xib; sourceTree = "<group>"; };
		ECA1D8D01C22827900DC35F9 /* ModalViewController.h */ = {isa = PBXFileReference; fileEncoding = 4; lastKnownFileType = sourcecode.c.h; path = ModalViewController.h; sourceTree = "<group>"; };
		ECA1D8D11C22827900DC35F9 /* ModalViewController.m */ = {isa = PBXFileReference; fileEncoding = 4; lastKnownFileType = sourcecode.c.objc; path = ModalViewController.m; sourceTree = "<group>"; };
		ECA1D8D31C228F2000DC35F9 /* ModalView.h */ = {isa = PBXFileReference; fileEncoding = 4; lastKnownFileType = sourcecode.c.h; path = ModalView.h; sourceTree = "<group>"; };
		ECA1D8D41C228F2000DC35F9 /* ModalView.m */ = {isa = PBXFileReference; fileEncoding = 4; lastKnownFileType = sourcecode.c.objc; path = ModalView.m; sourceTree = "<group>"; };
		ECA851EA1C27CDA600320E7C /* ViedoDetailViewModel.h */ = {isa = PBXFileReference; fileEncoding = 4; lastKnownFileType = sourcecode.c.h; path = ViedoDetailViewModel.h; sourceTree = "<group>"; };
		ECA851EB1C27CDA600320E7C /* ViedoDetailViewModel.m */ = {isa = PBXFileReference; fileEncoding = 4; lastKnownFileType = sourcecode.c.objc; path = ViedoDetailViewModel.m; sourceTree = "<group>"; };
		ECA851ED1C27CDC000320E7C /* PlayOnViewModel.h */ = {isa = PBXFileReference; fileEncoding = 4; lastKnownFileType = sourcecode.c.h; path = PlayOnViewModel.h; sourceTree = "<group>"; };
		ECA851EE1C27CDC000320E7C /* PlayOnViewModel.m */ = {isa = PBXFileReference; fileEncoding = 4; lastKnownFileType = sourcecode.c.objc; path = PlayOnViewModel.m; sourceTree = "<group>"; };
		ECA851F01C27FEA400320E7C /* DetailCell.h */ = {isa = PBXFileReference; fileEncoding = 4; lastKnownFileType = sourcecode.c.h; path = DetailCell.h; sourceTree = "<group>"; };
		ECA851F11C27FEA400320E7C /* DetailCell.m */ = {isa = PBXFileReference; fileEncoding = 4; lastKnownFileType = sourcecode.c.objc; path = DetailCell.m; sourceTree = "<group>"; };
		ECA851F21C27FEA400320E7C /* DetailCell.xib */ = {isa = PBXFileReference; fileEncoding = 4; lastKnownFileType = file.xib; path = DetailCell.xib; sourceTree = "<group>"; };
		ECA851FD1C291EC000320E7C /* PlayOnViewController.h */ = {isa = PBXFileReference; fileEncoding = 4; lastKnownFileType = sourcecode.c.h; path = PlayOnViewController.h; sourceTree = "<group>"; };
		ECA851FE1C291EC000320E7C /* PlayOnViewController.m */ = {isa = PBXFileReference; fileEncoding = 4; lastKnownFileType = sourcecode.c.objc; path = PlayOnViewController.m; sourceTree = "<group>"; };
		ECA851FF1C291EC000320E7C /* PlayOnViewController.xib */ = {isa = PBXFileReference; fileEncoding = 4; lastKnownFileType = file.xib; path = PlayOnViewController.xib; sourceTree = "<group>"; };
		ECA852021C293DF400320E7C /* PlayBaseViewController.h */ = {isa = PBXFileReference; fileEncoding = 4; lastKnownFileType = sourcecode.c.h; path = PlayBaseViewController.h; sourceTree = "<group>"; };
		ECA852031C293DF400320E7C /* PlayBaseViewController.m */ = {isa = PBXFileReference; fileEncoding = 4; lastKnownFileType = sourcecode.c.objc; path = PlayBaseViewController.m; sourceTree = "<group>"; };
		ECA8520B1C2A4F7900320E7C /* CXAudioPlayer.h */ = {isa = PBXFileReference; fileEncoding = 4; lastKnownFileType = sourcecode.c.h; path = CXAudioPlayer.h; sourceTree = "<group>"; };
		ECA8520C1C2A4F7900320E7C /* CXAudioPlayer.m */ = {isa = PBXFileReference; fileEncoding = 4; lastKnownFileType = sourcecode.c.objc; path = CXAudioPlayer.m; sourceTree = "<group>"; };
		ECA852311C2AA42300320E7C /* RadioListViewController.h */ = {isa = PBXFileReference; fileEncoding = 4; lastKnownFileType = sourcecode.c.h; path = RadioListViewController.h; sourceTree = "<group>"; };
		ECA852321C2AA42300320E7C /* RadioListViewController.m */ = {isa = PBXFileReference; fileEncoding = 4; lastKnownFileType = sourcecode.c.objc; path = RadioListViewController.m; sourceTree = "<group>"; };
		ECA852331C2AA42300320E7C /* RadioListViewController.xib */ = {isa = PBXFileReference; fileEncoding = 4; lastKnownFileType = file.xib; path = RadioListViewController.xib; sourceTree = "<group>"; };
		ECA852361C2AA43B00320E7C /* RadioListCell.h */ = {isa = PBXFileReference; fileEncoding = 4; lastKnownFileType = sourcecode.c.h; path = RadioListCell.h; sourceTree = "<group>"; };
		ECA852371C2AA43B00320E7C /* RadioListCell.m */ = {isa = PBXFileReference; fileEncoding = 4; lastKnownFileType = sourcecode.c.objc; path = RadioListCell.m; sourceTree = "<group>"; };
		ECA852381C2AA43B00320E7C /* RadioListCell.xib */ = {isa = PBXFileReference; fileEncoding = 4; lastKnownFileType = file.xib; path = RadioListCell.xib; sourceTree = "<group>"; };
		ECA8523E1C2BC6E800320E7C /* CXNotification.h */ = {isa = PBXFileReference; fileEncoding = 4; lastKnownFileType = sourcecode.c.h; path = CXNotification.h; sourceTree = "<group>"; };
		ECA8523F1C2BC6E900320E7C /* CXNotification.m */ = {isa = PBXFileReference; fileEncoding = 4; lastKnownFileType = sourcecode.c.objc; path = CXNotification.m; sourceTree = "<group>"; };
		ECA852421C2BCE1C00320E7C /* CXLineView.h */ = {isa = PBXFileReference; fileEncoding = 4; lastKnownFileType = sourcecode.c.h; path = CXLineView.h; sourceTree = "<group>"; };
		ECA852431C2BCE1C00320E7C /* CXLineView.m */ = {isa = PBXFileReference; fileEncoding = 4; lastKnownFileType = sourcecode.c.objc; path = CXLineView.m; sourceTree = "<group>"; };
		ECBC75151C15211300234000 /* CXProgress.h */ = {isa = PBXFileReference; fileEncoding = 4; lastKnownFileType = sourcecode.c.h; path = CXProgress.h; sourceTree = "<group>"; };
		ECBC75161C15211300234000 /* CXProgress.m */ = {isa = PBXFileReference; fileEncoding = 4; lastKnownFileType = sourcecode.c.objc; path = CXProgress.m; sourceTree = "<group>"; };
		ECC07BA51BDF1AC5003BE70B /* BaseViewController.h */ = {isa = PBXFileReference; fileEncoding = 4; lastKnownFileType = sourcecode.c.h; path = BaseViewController.h; sourceTree = "<group>"; };
		ECC07BA61BDF1AC5003BE70B /* BaseViewController.m */ = {isa = PBXFileReference; fileEncoding = 4; lastKnownFileType = sourcecode.c.objc; path = BaseViewController.m; sourceTree = "<group>"; };
		ECC07BB31BDF531E003BE70B /* ListenViewController.h */ = {isa = PBXFileReference; fileEncoding = 4; lastKnownFileType = sourcecode.c.h; path = ListenViewController.h; sourceTree = "<group>"; };
		ECC07BB41BDF531E003BE70B /* ListenViewController.m */ = {isa = PBXFileReference; fileEncoding = 4; lastKnownFileType = sourcecode.c.objc; path = ListenViewController.m; sourceTree = "<group>"; };
		ECC07BB51BDF531E003BE70B /* ListenViewController.xib */ = {isa = PBXFileReference; fileEncoding = 4; lastKnownFileType = file.xib; path = ListenViewController.xib; sourceTree = "<group>"; };
		ECC381271BD8863A007A3680 /* chaoxi.app */ = {isa = PBXFileReference; explicitFileType = wrapper.application; includeInIndex = 0; path = chaoxi.app; sourceTree = BUILT_PRODUCTS_DIR; };
		ECC3812B1BD8863A007A3680 /* Info.plist */ = {isa = PBXFileReference; lastKnownFileType = text.plist.xml; path = Info.plist; sourceTree = "<group>"; };
		ECC381431BD8863A007A3680 /* chaoxiTests.xctest */ = {isa = PBXFileReference; explicitFileType = wrapper.cfbundle; includeInIndex = 0; path = chaoxiTests.xctest; sourceTree = BUILT_PRODUCTS_DIR; };
		ECC381481BD8863A007A3680 /* Info.plist */ = {isa = PBXFileReference; lastKnownFileType = text.plist.xml; path = Info.plist; sourceTree = "<group>"; };
		ECC381491BD8863A007A3680 /* chaoxiTests.m */ = {isa = PBXFileReference; lastKnownFileType = sourcecode.c.objc; path = chaoxiTests.m; sourceTree = "<group>"; };
		ECC381971BD8898F007A3680 /* AppDelegate.h */ = {isa = PBXFileReference; fileEncoding = 4; lastKnownFileType = sourcecode.c.h; path = AppDelegate.h; sourceTree = "<group>"; };
		ECC381981BD8898F007A3680 /* AppDelegate.m */ = {isa = PBXFileReference; fileEncoding = 4; lastKnownFileType = sourcecode.c.objc; path = AppDelegate.m; sourceTree = "<group>"; };
		ECC381991BD8898F007A3680 /* main.m */ = {isa = PBXFileReference; fileEncoding = 4; lastKnownFileType = sourcecode.c.objc; path = main.m; sourceTree = "<group>"; };
		ECC3819C1BD88A11007A3680 /* PrefixHeader.pch */ = {isa = PBXFileReference; lastKnownFileType = sourcecode.c.h; path = PrefixHeader.pch; sourceTree = "<group>"; };
		ECD97A851C3262FD003B9514 /* CateGoryHeader.h */ = {isa = PBXFileReference; fileEncoding = 4; lastKnownFileType = sourcecode.c.h; path = CateGoryHeader.h; sourceTree = "<group>"; };
		ECD97A861C3262FD003B9514 /* NSObject+Common.h */ = {isa = PBXFileReference; fileEncoding = 4; lastKnownFileType = sourcecode.c.h; path = "NSObject+Common.h"; sourceTree = "<group>"; };
		ECD97A871C3262FD003B9514 /* NSObject+Common.m */ = {isa = PBXFileReference; fileEncoding = 4; lastKnownFileType = sourcecode.c.objc; path = "NSObject+Common.m"; sourceTree = "<group>"; };
		ECD97A881C3262FD003B9514 /* UIImage+Blur.h */ = {isa = PBXFileReference; fileEncoding = 4; lastKnownFileType = sourcecode.c.h; path = "UIImage+Blur.h"; sourceTree = "<group>"; };
		ECD97A891C3262FD003B9514 /* UIImage+Blur.m */ = {isa = PBXFileReference; fileEncoding = 4; lastKnownFileType = sourcecode.c.objc; path = "UIImage+Blur.m"; sourceTree = "<group>"; };
		ECD97A8A1C3262FD003B9514 /* UIImage+Common.h */ = {isa = PBXFileReference; fileEncoding = 4; lastKnownFileType = sourcecode.c.h; path = "UIImage+Common.h"; sourceTree = "<group>"; };
		ECD97A8B1C3262FD003B9514 /* UIImage+Common.m */ = {isa = PBXFileReference; fileEncoding = 4; lastKnownFileType = sourcecode.c.objc; path = "UIImage+Common.m"; sourceTree = "<group>"; };
		ECD97A8C1C3262FD003B9514 /* UINavigationBar+Awesome.h */ = {isa = PBXFileReference; fileEncoding = 4; lastKnownFileType = sourcecode.c.h; path = "UINavigationBar+Awesome.h"; sourceTree = "<group>"; };
		ECD97A8D1C3262FD003B9514 /* UINavigationBar+Awesome.m */ = {isa = PBXFileReference; fileEncoding = 4; lastKnownFileType = sourcecode.c.objc; path = "UINavigationBar+Awesome.m"; sourceTree = "<group>"; };
		ECD97A8E1C3262FD003B9514 /* UINavigationBar+HideAppear.h */ = {isa = PBXFileReference; fileEncoding = 4; lastKnownFileType = sourcecode.c.h; path = "UINavigationBar+HideAppear.h"; sourceTree = "<group>"; };
		ECD97A8F1C3262FD003B9514 /* UINavigationBar+HideAppear.m */ = {isa = PBXFileReference; fileEncoding = 4; lastKnownFileType = sourcecode.c.objc; path = "UINavigationBar+HideAppear.m"; sourceTree = "<group>"; };
		ECD97A901C3262FD003B9514 /* UIView+Utils.h */ = {isa = PBXFileReference; fileEncoding = 4; lastKnownFileType = sourcecode.c.h; path = "UIView+Utils.h"; sourceTree = "<group>"; };
		ECD97A911C3262FD003B9514 /* UIView+Utils.m */ = {isa = PBXFileReference; fileEncoding = 4; lastKnownFileType = sourcecode.c.objc; path = "UIView+Utils.m"; sourceTree = "<group>"; };
		ECEC6FA91C17C45E00A5251D /* CXImageShow.h */ = {isa = PBXFileReference; fileEncoding = 4; lastKnownFileType = sourcecode.c.h; path = CXImageShow.h; sourceTree = "<group>"; };
		ECEC6FAA1C17C45E00A5251D /* CXImageShow.m */ = {isa = PBXFileReference; fileEncoding = 4; lastKnownFileType = sourcecode.c.objc; path = CXImageShow.m; sourceTree = "<group>"; };
		ECFBA0E81C23A6B100761349 /* CXPresentTransition.h */ = {isa = PBXFileReference; fileEncoding = 4; lastKnownFileType = sourcecode.c.h; path = CXPresentTransition.h; sourceTree = "<group>"; };
		ECFBA0E91C23A6B100761349 /* CXPresentTransition.m */ = {isa = PBXFileReference; fileEncoding = 4; lastKnownFileType = sourcecode.c.objc; path = CXPresentTransition.m; sourceTree = "<group>"; };
		ECFBA0EB1C23A6C800761349 /* CXDismissTransition.h */ = {isa = PBXFileReference; fileEncoding = 4; lastKnownFileType = sourcecode.c.h; path = CXDismissTransition.h; sourceTree = "<group>"; };
		ECFBA0EC1C23A6C800761349 /* CXDismissTransition.m */ = {isa = PBXFileReference; fileEncoding = 4; lastKnownFileType = sourcecode.c.objc; path = CXDismissTransition.m; sourceTree = "<group>"; };
		ECFBA0EE1C23AAF500761349 /* MuseumDetailViewController.h */ = {isa = PBXFileReference; fileEncoding = 4; lastKnownFileType = sourcecode.c.h; path = MuseumDetailViewController.h; sourceTree = "<group>"; };
		ECFBA0EF1C23AAF500761349 /* MuseumDetailViewController.m */ = {isa = PBXFileReference; fileEncoding = 4; lastKnownFileType = sourcecode.c.objc; path = MuseumDetailViewController.m; sourceTree = "<group>"; };
/* End PBXFileReference section */

/* Begin PBXFrameworksBuildPhase section */
		ECC381241BD8863A007A3680 /* Frameworks */ = {
			isa = PBXFrameworksBuildPhase;
			buildActionMask = 2147483647;
			files = (
				5AEAD03D57A1938CD5033752 /* Pods.framework in Frameworks */,
			);
			runOnlyForDeploymentPostprocessing = 0;
		};
		ECC381401BD8863A007A3680 /* Frameworks */ = {
			isa = PBXFrameworksBuildPhase;
			buildActionMask = 2147483647;
			files = (
			);
			runOnlyForDeploymentPostprocessing = 0;
		};
/* End PBXFrameworksBuildPhase section */

/* Begin PBXGroup section */
		2FEAD2BFDC163E86B6485BB3 /* Frameworks */ = {
			isa = PBXGroup;
			children = (
				8F55B9FC2E6AA861816118FA /* Pods.framework */,
			);
			name = Frameworks;
			sourceTree = "<group>";
		};
		7FC3BE83F6DA850CC8971AE6 /* Pods */ = {
			isa = PBXGroup;
			children = (
				85743A70CF82F191142250A8 /* Pods.debug.xcconfig */,
				3F2D210BB5C36AC66834FAF5 /* Pods.release.xcconfig */,
			);
			name = Pods;
			sourceTree = "<group>";
		};
		EC0A94581BE211EA0085BC9B /* ListenModel */ = {
			isa = PBXGroup;
			children = (
				EC0A94591BE212020085BC9B /* ViedoModel.h */,
				EC0A945A1BE212020085BC9B /* ViedoModel.m */,
			);
			path = ListenModel;
			sourceTree = "<group>";
		};
		EC0A946B1BE3500E0085BC9B /* PlayOnViewController */ = {
			isa = PBXGroup;
			children = (
				ECA852021C293DF400320E7C /* PlayBaseViewController.h */,
				ECA852031C293DF400320E7C /* PlayBaseViewController.m */,
				ECA851FD1C291EC000320E7C /* PlayOnViewController.h */,
				ECA851FE1C291EC000320E7C /* PlayOnViewController.m */,
				ECA851FF1C291EC000320E7C /* PlayOnViewController.xib */,
				ECA852311C2AA42300320E7C /* RadioListViewController.h */,
				ECA852321C2AA42300320E7C /* RadioListViewController.m */,
				ECA852331C2AA42300320E7C /* RadioListViewController.xib */,
				ECA852361C2AA43B00320E7C /* RadioListCell.h */,
				ECA852371C2AA43B00320E7C /* RadioListCell.m */,
				ECA852381C2AA43B00320E7C /* RadioListCell.xib */,
			);
			path = PlayOnViewController;
			sourceTree = "<group>";
		};
		EC0A946C1BE3500E0085BC9B /* ViedoDetailViewController */ = {
			isa = PBXGroup;
			children = (
				EC0A946D1BE350A00085BC9B /* VideoDetailController.h */,
				EC0A946E1BE350A00085BC9B /* VideoDetailController.m */,
				EC0A946F1BE350A00085BC9B /* VideoDetailController.xib */,
				ECA851F01C27FEA400320E7C /* DetailCell.h */,
				ECA851F11C27FEA400320E7C /* DetailCell.m */,
				ECA851F21C27FEA400320E7C /* DetailCell.xib */,
			);
			path = ViedoDetailViewController;
			sourceTree = "<group>";
		};
		EC1726751BF2F27F00A973EB /* ViewModel */ = {
			isa = PBXGroup;
			children = (
				EC17267E1BF2F27F00A973EB /* PublicViewModel */,
				EC1726761BF2F27F00A973EB /* ListenViewModel */,
				EC6A7B621BFAD5FF00789E41 /* ArtViewModel */,
				EC6A7B631BFAD5FF00789E41 /* FunnyViewModel */,
				EC6A7AD61BF9AB3B00789E41 /* ReadViewModel */,
				EC17267B1BF2F27F00A973EB /* PoeViewModel */,
			);
			name = ViewModel;
			path = chaoxi/ViewModel;
			sourceTree = SOURCE_ROOT;
		};
		EC1726761BF2F27F00A973EB /* ListenViewModel */ = {
			isa = PBXGroup;
			children = (
				EC1726851BF300BA00A973EB /* ListenListViewModel.h */,
				EC1726861BF300BA00A973EB /* ListenListViewModel.m */,
				ECA851EA1C27CDA600320E7C /* ViedoDetailViewModel.h */,
				ECA851EB1C27CDA600320E7C /* ViedoDetailViewModel.m */,
				ECA851ED1C27CDC000320E7C /* PlayOnViewModel.h */,
				ECA851EE1C27CDC000320E7C /* PlayOnViewModel.m */,
			);
			path = ListenViewModel;
			sourceTree = "<group>";
		};
		EC17267B1BF2F27F00A973EB /* PoeViewModel */ = {
			isa = PBXGroup;
			children = (
				EC17267C1BF2F27F00A973EB /* PoeViewModel.h */,
				EC17267D1BF2F27F00A973EB /* PoeViewModel.m */,
			);
			path = PoeViewModel;
			sourceTree = "<group>";
		};
		EC17267E1BF2F27F00A973EB /* PublicViewModel */ = {
			isa = PBXGroup;
			children = (
				EC17267F1BF2F27F00A973EB /* CXViewModelClass.h */,
				EC1726801BF2F27F00A973EB /* CXViewModelClass.m */,
			);
			path = PublicViewModel;
			sourceTree = "<group>";
		};
		EC1726AA1BF3033F00A973EB /* Setting */ = {
			isa = PBXGroup;
			children = (
				EC1726AB1BF3033F00A973EB /* AboutUs */,
				EC1726AF1BF3033F00A973EB /* ClearCache */,
				EC1726B31BF3033F00A973EB /* Save */,
			);
			path = Setting;
			sourceTree = "<group>";
		};
		EC1726AB1BF3033F00A973EB /* AboutUs */ = {
			isa = PBXGroup;
			children = (
				EC1726AC1BF3033F00A973EB /* AboutUsViewController.h */,
				EC1726AD1BF3033F00A973EB /* AboutUsViewController.m */,
			);
			path = AboutUs;
			sourceTree = "<group>";
		};
		EC1726AF1BF3033F00A973EB /* ClearCache */ = {
			isa = PBXGroup;
			children = (
				EC1726B01BF3033F00A973EB /* ClearCacheViewController.h */,
				EC1726B11BF3033F00A973EB /* ClearCacheViewController.m */,
			);
			path = ClearCache;
			sourceTree = "<group>";
		};
		EC1726B31BF3033F00A973EB /* Save */ = {
			isa = PBXGroup;
			children = (
				EC1726B41BF3033F00A973EB /* SaveViewController.h */,
				EC1726B51BF3033F00A973EB /* SaveViewController.m */,
			);
			path = Save;
			sourceTree = "<group>";
		};
		EC1726BD1BF3039E00A973EB /* PoemModel */ = {
			isa = PBXGroup;
			children = (
				EC1726BE1BF3039E00A973EB /* Poem.h */,
				EC1726BF1BF3039E00A973EB /* Poem.m */,
			);
			path = PoemModel;
			sourceTree = "<group>";
		};
		EC1726C11BF30A4600A973EB /* PublicViews */ = {
			isa = PBXGroup;
			children = (
				ECA852411C2BCE1100320E7C /* CXLineView */,
				ECA8523D1C2BC6D500320E7C /* CXNotification */,
				ECA8520A1C2A4F6800320E7C /* CXAudioPlayer */,
				EC5B45251C1AB6E300DBD54C /* CXIntercepter */,
				EC5B45161C196B2400DBD54C /* CXTransitions */,
				ECEC6FA81C17C43E00A5251D /* CXImageShow */,
				ECBC75141C15211300234000 /* CXProgress */,
				EC8244091C03FD7F0082219E /* CXDropMenuView */,
				EC6A7B6F1BFB085F00789E41 /* CXSliderView */,
				EC1726C21BF30A4600A973EB /* CXAlterButton */,
				EC1726C71BF30A4600A973EB /* CXWelcomeView */,
				EC55B0F71C51CDEB00732520 /* CXDashLineView.h */,
				EC55B0F81C51CDEB00732520 /* CXDashLineView.m */,
			);
			name = PublicViews;
			path = chaoxi/PublicViews;
			sourceTree = SOURCE_ROOT;
		};
		EC1726C21BF30A4600A973EB /* CXAlterButton */ = {
			isa = PBXGroup;
			children = (
				EC1726C31BF30A4600A973EB /* CXAlterButton.h */,
				EC1726C41BF30A4600A973EB /* CXAlterButton.m */,
				EC1726C51BF30A4600A973EB /* CXAlterItemButton.h */,
				EC1726C61BF30A4600A973EB /* CXAlterItemButton.m */,
			);
			path = CXAlterButton;
			sourceTree = "<group>";
		};
		EC1726C71BF30A4600A973EB /* CXWelcomeView */ = {
			isa = PBXGroup;
			children = (
				EC1726C81BF30A4600A973EB /* CXWelcomeView.h */,
				EC1726C91BF30A4600A973EB /* CXWelcomeView.m */,
			);
			path = CXWelcomeView;
			sourceTree = "<group>";
		};
		EC1726CD1BF30A8F00A973EB /* Vender */ = {
			isa = PBXGroup;
			children = (
				EC2702FA1C3147F200D10C52 /* ODRefreshControl */,
				EC1726CE1BF30A8F00A973EB /* RACAFNetworking */,
			);
			name = Vender;
			path = chaoxi/Vender;
			sourceTree = SOURCE_ROOT;
		};
		EC1726CE1BF30A8F00A973EB /* RACAFNetworking */ = {
			isa = PBXGroup;
			children = (
				EC1726D51BF30A8F00A973EB /* RACAFNetworking.h */,
				EC1726CF1BF30A8F00A973EB /* AFHTTPRequestOperationManager+RACSupport.h */,
				EC1726D01BF30A8F00A973EB /* AFHTTPRequestOperationManager+RACSupport.m */,
				EC1726D11BF30A8F00A973EB /* AFHTTPSessionManager+RACSupport.h */,
				EC1726D21BF30A8F00A973EB /* AFHTTPSessionManager+RACSupport.m */,
				EC1726D31BF30A8F00A973EB /* AFURLConnectionOperation+RACSupport.h */,
				EC1726D41BF30A8F00A973EB /* AFURLConnectionOperation+RACSupport.m */,
				EC1726D61BF30A8F00A973EB /* RACSubscriber+AFProgressCallbacks.h */,
				EC1726D71BF30A8F00A973EB /* RACSubscriber+AFProgressCallbacks.m */,
			);
			path = RACAFNetworking;
			sourceTree = "<group>";
		};
		EC2702FA1C3147F200D10C52 /* ODRefreshControl */ = {
			isa = PBXGroup;
			children = (
				EC2702FB1C3147F200D10C52 /* ODRefreshControl.h */,
				EC2702FC1C3147F200D10C52 /* ODRefreshControl.m */,
			);
			path = ODRefreshControl;
			sourceTree = "<group>";
		};
		EC378EB41BDDF82C006FB4F0 /* Funny */ = {
			isa = PBXGroup;
			children = (
				EC378EBD1BDDF86E006FB4F0 /* FunnyViewController.h */,
				EC378EBE1BDDF86E006FB4F0 /* FunnyViewController.m */,
				EC378EBF1BDDF86E006FB4F0 /* FunnyViewController.xib */,
				EC7D9EB71BFB294B0092D887 /* WebViewController.h */,
				EC7D9EB81BFB294B0092D887 /* WebViewController.m */,
				EC7D9EB91BFB294B0092D887 /* WebViewController.xib */,
			);
			name = Funny;
			path = chaoxi/ViewController/Funny;
			sourceTree = SOURCE_ROOT;
		};
		EC378EC21BDDFA3C006FB4F0 /* Other */ = {
			isa = PBXGroup;
			children = (
				EC1726AA1BF3033F00A973EB /* Setting */,
				EC378EC31BDDFA96006FB4F0 /* Navigation */,
				EC378EC41BDDFA96006FB4F0 /* Public */,
			);
			name = Other;
			path = chaoxi/ViewController/Other;
			sourceTree = SOURCE_ROOT;
		};
		EC378EC31BDDFA96006FB4F0 /* Navigation */ = {
			isa = PBXGroup;
			children = (
				EC378EC61BDDFAC4006FB4F0 /* NavigationViewController.h */,
				EC378EC71BDDFAC4006FB4F0 /* NavigationViewController.m */,
			);
			path = Navigation;
			sourceTree = "<group>";
		};
		EC378EC41BDDFA96006FB4F0 /* Public */ = {
			isa = PBXGroup;
			children = (
				ECA1D8D01C22827900DC35F9 /* ModalViewController.h */,
				ECA1D8D11C22827900DC35F9 /* ModalViewController.m */,
				ECA1D8D31C228F2000DC35F9 /* ModalView.h */,
				ECA1D8D41C228F2000DC35F9 /* ModalView.m */,
				ECC07BA51BDF1AC5003BE70B /* BaseViewController.h */,
				ECC07BA61BDF1AC5003BE70B /* BaseViewController.m */,
			);
			path = Public;
			sourceTree = "<group>";
		};
		EC378ECB1BDDFC6F006FB4F0 /* Model */ = {
			isa = PBXGroup;
			children = (
				EC7E6E371C05B1710062518A /* ArtModel */,
				EC1726BD1BF3039E00A973EB /* PoemModel */,
				EC0A94581BE211EA0085BC9B /* ListenModel */,
			);
			path = Model;
			sourceTree = "<group>";
		};
		EC378ECC1BDDFD39006FB4F0 /* Font */ = {
			isa = PBXGroup;
			children = (
			);
			path = Font;
			sourceTree = "<group>";
		};
		EC378ECF1BDDFD5E006FB4F0 /* Image */ = {
			isa = PBXGroup;
			children = (
				EC378ED01BDDFD6E006FB4F0 /* Image.xcassets */,
			);
			path = Image;
			sourceTree = "<group>";
		};
		EC5B45161C196B2400DBD54C /* CXTransitions */ = {
			isa = PBXGroup;
			children = (
				EC5B45171C196B4700DBD54C /* CXPushTransition.h */,
				EC5B45181C196B4700DBD54C /* CXPushTransition.m */,
				EC5B451A1C198C2D00DBD54C /* CXPopTransition.h */,
				EC5B451B1C198C2D00DBD54C /* CXPopTransition.m */,
				ECFBA0E81C23A6B100761349 /* CXPresentTransition.h */,
				ECFBA0E91C23A6B100761349 /* CXPresentTransition.m */,
				ECFBA0EB1C23A6C800761349 /* CXDismissTransition.h */,
				ECFBA0EC1C23A6C800761349 /* CXDismissTransition.m */,
				EC55B0FA1C5205C700732520 /* CXMagicMoveTransition.h */,
				EC55B0FB1C5205C700732520 /* CXMagicMoveTransition.m */,
				EC55B0FD1C520B7300732520 /* CXMagicMoveRetrun.h */,
				EC55B0FE1C520B7300732520 /* CXMagicMoveRetrun.m */,
			);
			path = CXTransitions;
			sourceTree = "<group>";
		};
		EC5B45251C1AB6E300DBD54C /* CXIntercepter */ = {
			isa = PBXGroup;
			children = (
				EC5B45261C1AB6F800DBD54C /* CXIntercepter.h */,
				EC5B45271C1AB6F800DBD54C /* CXIntercepter.m */,
			);
			path = CXIntercepter;
			sourceTree = "<group>";
		};
		EC6A7AD61BF9AB3B00789E41 /* ReadViewModel */ = {
			isa = PBXGroup;
			children = (
			);
			path = ReadViewModel;
			sourceTree = "<group>";
		};
		EC6A7B621BFAD5FF00789E41 /* ArtViewModel */ = {
			isa = PBXGroup;
			children = (
				EC7E6E341C05AE3C0062518A /* MuseumListViewModel.h */,
				EC7E6E351C05AE3C0062518A /* MuseumListViewModel.m */,
				EC7E6E721C06F0D50062518A /* MuseumShowViewModel.h */,
				EC7E6E731C06F0D50062518A /* MuseumShowViewModel.m */,
				EC9642031C0C364000D16E39 /* ShowDetailViewModel.h */,
				EC9642041C0C364000D16E39 /* ShowDetailViewModel.m */,
			);
			path = ArtViewModel;
			sourceTree = "<group>";
		};
		EC6A7B631BFAD5FF00789E41 /* FunnyViewModel */ = {
			isa = PBXGroup;
			children = (
				EC6A7B761BFB10A400789E41 /* FunnyViewModel.h */,
				EC6A7B771BFB10A400789E41 /* FunnyViewModel.m */,
			);
			path = FunnyViewModel;
			sourceTree = "<group>";
		};
		EC6A7B6F1BFB085F00789E41 /* CXSliderView */ = {
			isa = PBXGroup;
			children = (
				EC6A7B701BFB085F00789E41 /* CXSliderViewCell.h */,
				EC6A7B711BFB085F00789E41 /* CXSliderViewCell.m */,
				EC6A7B721BFB085F00789E41 /* CXSliderViewLayout.h */,
				EC6A7B731BFB085F00789E41 /* CXSliderViewLayout.m */,
			);
			path = CXSliderView;
			sourceTree = "<group>";
		};
		EC7E6E371C05B1710062518A /* ArtModel */ = {
			isa = PBXGroup;
			children = (
				EC7E6E381C05B1B80062518A /* MuseumModel.h */,
				EC7E6E391C05B1B80062518A /* MuseumModel.m */,
				EC7E6E751C06F1130062518A /* MuseumShowModel.h */,
				EC7E6E761C06F1130062518A /* MuseumShowModel.m */,
			);
			path = ArtModel;
			sourceTree = "<group>";
		};
		EC7E6E471C05B4CA0062518A /* Art */ = {
			isa = PBXGroup;
			children = (
				EC7E6E481C05B4CA0062518A /* MuseumList */,
				EC7E6E4F1C05B4CA0062518A /* MuseumShow */,
				EC7E6E501C05B4CA0062518A /* ShowList */,
			);
			path = Art;
			sourceTree = "<group>";
		};
		EC7E6E481C05B4CA0062518A /* MuseumList */ = {
			isa = PBXGroup;
			children = (
				EC7E6E4D1C05B4CA0062518A /* ArtViewController.h */,
				EC7E6E4E1C05B4CA0062518A /* ArtViewController.m */,
				EC7E6E491C05B4CA0062518A /* ArtCell.h */,
				EC7E6E4A1C05B4CA0062518A /* ArtCell.m */,
				EC7E6E4B1C05B4CA0062518A /* ArtHeaderView.h */,
				EC7E6E4C1C05B4CA0062518A /* ArtHeaderView.m */,
				ECFBA0EE1C23AAF500761349 /* MuseumDetailViewController.h */,
				ECFBA0EF1C23AAF500761349 /* MuseumDetailViewController.m */,
			);
			path = MuseumList;
			sourceTree = "<group>";
		};
		EC7E6E4F1C05B4CA0062518A /* MuseumShow */ = {
			isa = PBXGroup;
			children = (
				EC7E6E631C06D1120062518A /* MuseumShowViewController.h */,
				EC7E6E641C06D1120062518A /* MuseumShowViewController.m */,
				EC7E6E661C06D12B0062518A /* MuseumShowCell.h */,
				EC7E6E671C06D12B0062518A /* MuseumShowCell.m */,
			);
			path = MuseumShow;
			sourceTree = "<group>";
		};
		EC7E6E501C05B4CA0062518A /* ShowList */ = {
			isa = PBXGroup;
			children = (
				EC96420D1C0C93A500D16E39 /* ShowDetailViewController.h */,
				EC96420E1C0C93A500D16E39 /* ShowDetailViewController.m */,
				EC96420F1C0C93A500D16E39 /* ShowDetailViewController.xib */,
			);
			path = ShowList;
			sourceTree = "<group>";
		};
		EC8244091C03FD7F0082219E /* CXDropMenuView */ = {
			isa = PBXGroup;
			children = (
				EC82440C1C03FD7F0082219E /* CXDropMenuView.h */,
				EC82440D1C03FD7F0082219E /* CXDropMenuView.m */,
				EC82440A1C03FD7F0082219E /* CXDropMenuItemView.h */,
				EC82440B1C03FD7F0082219E /* CXDropMenuItemView.m */,
			);
			path = CXDropMenuView;
			sourceTree = "<group>";
		};
		ECA8520A1C2A4F6800320E7C /* CXAudioPlayer */ = {
			isa = PBXGroup;
			children = (
				ECA8520B1C2A4F7900320E7C /* CXAudioPlayer.h */,
				ECA8520C1C2A4F7900320E7C /* CXAudioPlayer.m */,
			);
			path = CXAudioPlayer;
			sourceTree = "<group>";
		};
		ECA8523D1C2BC6D500320E7C /* CXNotification */ = {
			isa = PBXGroup;
			children = (
				ECA8523E1C2BC6E800320E7C /* CXNotification.h */,
				ECA8523F1C2BC6E900320E7C /* CXNotification.m */,
			);
			path = CXNotification;
			sourceTree = "<group>";
		};
		ECA852411C2BCE1100320E7C /* CXLineView */ = {
			isa = PBXGroup;
			children = (
				ECA852421C2BCE1C00320E7C /* CXLineView.h */,
				ECA852431C2BCE1C00320E7C /* CXLineView.m */,
			);
			path = CXLineView;
			sourceTree = "<group>";
		};
		ECBC75141C15211300234000 /* CXProgress */ = {
			isa = PBXGroup;
			children = (
				ECBC75151C15211300234000 /* CXProgress.h */,
				ECBC75161C15211300234000 /* CXProgress.m */,
			);
			path = CXProgress;
			sourceTree = "<group>";
		};
		ECC07BB21BDF531E003BE70B /* ListenListViewController */ = {
			isa = PBXGroup;
			children = (
				ECC07BB31BDF531E003BE70B /* ListenViewController.h */,
				ECC07BB41BDF531E003BE70B /* ListenViewController.m */,
				ECC07BB51BDF531E003BE70B /* ListenViewController.xib */,
				EC029A521BDF54FE000F304C /* LuoIMagaCell.h */,
				EC029A531BDF54FE000F304C /* LuoIMagaCell.m */,
				EC029A541BDF54FE000F304C /* LuoIMagaCell.xib */,
			);
			path = ListenListViewController;
			sourceTree = "<group>";
		};
		ECC3811E1BD8863A007A3680 = {
			isa = PBXGroup;
			children = (
				ECC381291BD8863A007A3680 /* chaoxi */,
				ECC381461BD8863A007A3680 /* chaoxiTests */,
				ECC381281BD8863A007A3680 /* Products */,
				7FC3BE83F6DA850CC8971AE6 /* Pods */,
				2FEAD2BFDC163E86B6485BB3 /* Frameworks */,
			);
			sourceTree = "<group>";
		};
		ECC381281BD8863A007A3680 /* Products */ = {
			isa = PBXGroup;
			children = (
				ECC381271BD8863A007A3680 /* chaoxi.app */,
				ECC381431BD8863A007A3680 /* chaoxiTests.xctest */,
			);
			name = Products;
			sourceTree = "<group>";
		};
		ECC381291BD8863A007A3680 /* chaoxi */ = {
			isa = PBXGroup;
			children = (
				ECC381971BD8898F007A3680 /* AppDelegate.h */,
				ECC381981BD8898F007A3680 /* AppDelegate.m */,
				ECC381991BD8898F007A3680 /* main.m */,
				EC378ECB1BDDFC6F006FB4F0 /* Model */,
				ECC3817E1BD8888A007A3680 /* ViewController */,
				EC1726751BF2F27F00A973EB /* ViewModel */,
				EC1726C11BF30A4600A973EB /* PublicViews */,
				EC1726CD1BF30A8F00A973EB /* Vender */,
				ECC381581BD8888A007A3680 /* Expand */,
				ECC3817B1BD8888A007A3680 /* Resource */,
				ECC3812A1BD8863A007A3680 /* Supporting Files */,
			);
			path = chaoxi;
			sourceTree = "<group>";
		};
		ECC3812A1BD8863A007A3680 /* Supporting Files */ = {
			isa = PBXGroup;
			children = (
				ECC3812B1BD8863A007A3680 /* Info.plist */,
			);
			name = "Supporting Files";
			sourceTree = "<group>";
		};
		ECC381461BD8863A007A3680 /* chaoxiTests */ = {
			isa = PBXGroup;
			children = (
				ECC381491BD8863A007A3680 /* chaoxiTests.m */,
				ECC381471BD8863A007A3680 /* Supporting Files */,
			);
			path = chaoxiTests;
			sourceTree = "<group>";
		};
		ECC381471BD8863A007A3680 /* Supporting Files */ = {
			isa = PBXGroup;
			children = (
				ECC381481BD8863A007A3680 /* Info.plist */,
			);
			name = "Supporting Files";
			sourceTree = "<group>";
		};
		ECC381581BD8888A007A3680 /* Expand */ = {
			isa = PBXGroup;
			children = (
				ECD97A841C3262FD003B9514 /* CateGory */,
				ECC381741BD8888A007A3680 /* NetWork */,
				ECC381721BD8888A007A3680 /* DataBase */,
				ECC381731BD8888A007A3680 /* Macros */,
			);
			path = Expand;
			sourceTree = "<group>";
		};
		ECC381721BD8888A007A3680 /* DataBase */ = {
			isa = PBXGroup;
			children = (
				EC029A571BDF64FA000F304C /* imagePlist.plist */,
				EC55F1EB1C3266740060E638 /* SQL.h */,
			);
			path = DataBase;
			sourceTree = "<group>";
		};
		ECC381731BD8888A007A3680 /* Macros */ = {
			isa = PBXGroup;
			children = (
				ECC3819C1BD88A11007A3680 /* PrefixHeader.pch */,
				EC0A94521BE20AAC0085BC9B /* CXMacro.h */,
			);
			path = Macros;
			sourceTree = "<group>";
		};
		ECC381741BD8888A007A3680 /* NetWork */ = {
			isa = PBXGroup;
			children = (
				EC3DDA8C1C3125E100814986 /* CXAPIClient.h */,
				EC3DDA8D1C3125E100814986 /* CXAPIClient.m */,
				EC3DDA891C3113D900814986 /* CXAPIManage.h */,
				EC3DDA8A1C3113D900814986 /* CXAPIManage.m */,
				EC0A94551BE20EEF0085BC9B /* CXHttpManager.h */,
				EC0A94561BE20EEF0085BC9B /* CXHttpManager.m */,
			);
			path = NetWork;
			sourceTree = "<group>";
		};
		ECC3817B1BD8888A007A3680 /* Resource */ = {
			isa = PBXGroup;
			children = (
				EC378ECF1BDDFD5E006FB4F0 /* Image */,
				EC378ECC1BDDFD39006FB4F0 /* Font */,
			);
			path = Resource;
			sourceTree = "<group>";
		};
		ECC3817E1BD8888A007A3680 /* ViewController */ = {
			isa = PBXGroup;
			children = (
				ECC3818C1BD888D9007A3680 /* Listen */,
				EC7E6E471C05B4CA0062518A /* Art */,
				EC378EB41BDDF82C006FB4F0 /* Funny */,
				ECC3818D1BD888D9007A3680 /* Poem */,
				ECC3818E1BD888D9007A3680 /* Read */,
				EC378EC21BDDFA3C006FB4F0 /* Other */,
			);
			path = ViewController;
			sourceTree = "<group>";
		};
		ECC3818C1BD888D9007A3680 /* Listen */ = {
			isa = PBXGroup;
			children = (
				ECC07BB21BDF531E003BE70B /* ListenListViewController */,
				EC0A946C1BE3500E0085BC9B /* ViedoDetailViewController */,
				EC0A946B1BE3500E0085BC9B /* PlayOnViewController */,
			);
			path = Listen;
			sourceTree = "<group>";
		};
		ECC3818D1BD888D9007A3680 /* Poem */ = {
			isa = PBXGroup;
			children = (
				EC1726881BF3023200A973EB /* PoeViewController.h */,
				EC1726891BF3023200A973EB /* PoeViewController.m */,
				EC17268A1BF3023200A973EB /* PoeViewController.xib */,
			);
			path = Poem;
			sourceTree = "<group>";
		};
		ECC3818E1BD888D9007A3680 /* Read */ = {
			isa = PBXGroup;
			children = (
				EC378EAE1BDDF7F6006FB4F0 /* ReadViewController.h */,
				EC378EAF1BDDF7F6006FB4F0 /* ReadViewController.m */,
				EC378EB01BDDF7F6006FB4F0 /* ReadViewController.xib */,
			);
			path = Read;
			sourceTree = "<group>";
		};
		ECD97A841C3262FD003B9514 /* CateGory */ = {
			isa = PBXGroup;
			children = (
				ECD97A851C3262FD003B9514 /* CateGoryHeader.h */,
				ECD97A861C3262FD003B9514 /* NSObject+Common.h */,
				ECD97A871C3262FD003B9514 /* NSObject+Common.m */,
				ECD97A881C3262FD003B9514 /* UIImage+Blur.h */,
				ECD97A891C3262FD003B9514 /* UIImage+Blur.m */,
				ECD97A8A1C3262FD003B9514 /* UIImage+Common.h */,
				ECD97A8B1C3262FD003B9514 /* UIImage+Common.m */,
				ECD97A8C1C3262FD003B9514 /* UINavigationBar+Awesome.h */,
				ECD97A8D1C3262FD003B9514 /* UINavigationBar+Awesome.m */,
				ECD97A8E1C3262FD003B9514 /* UINavigationBar+HideAppear.h */,
				ECD97A8F1C3262FD003B9514 /* UINavigationBar+HideAppear.m */,
				ECD97A901C3262FD003B9514 /* UIView+Utils.h */,
				ECD97A911C3262FD003B9514 /* UIView+Utils.m */,
				EC55F1E51C3263A10060E638 /* FMDatabaseQueue+Extension.h */,
				EC55F1E61C3263A10060E638 /* FMDatabaseQueue+Extension.m */,
				EC55F1E81C3263F10060E638 /* SSObjectBase.h */,
				EC55F1E91C3263F10060E638 /* SSObjectBase.m */,
				EC025E451C45FB7D001C16D8 /* UIScrollView+Paging.h */,
				EC025E461C45FB7D001C16D8 /* UIScrollView+Paging.m */,
			);
			path = CateGory;
			sourceTree = "<group>";
		};
		ECEC6FA81C17C43E00A5251D /* CXImageShow */ = {
			isa = PBXGroup;
			children = (
				ECEC6FA91C17C45E00A5251D /* CXImageShow.h */,
				ECEC6FAA1C17C45E00A5251D /* CXImageShow.m */,
			);
			path = CXImageShow;
			sourceTree = "<group>";
		};
/* End PBXGroup section */

/* Begin PBXNativeTarget section */
		ECC381261BD8863A007A3680 /* chaoxi */ = {
			isa = PBXNativeTarget;
			buildConfigurationList = ECC3814D1BD8863A007A3680 /* Build configuration list for PBXNativeTarget "chaoxi" */;
			buildPhases = (
				77BF2AE83C2C1D900ADFF96A /* Check Pods Manifest.lock */,
				ECC381231BD8863A007A3680 /* Sources */,
				ECC381241BD8863A007A3680 /* Frameworks */,
				ECC381251BD8863A007A3680 /* Resources */,
				DB17580D7253BA4FEFD83FEC /* Copy Pods Resources */,
				03A31FDF1C1D2066465B0335 /* Embed Pods Frameworks */,
			);
			buildRules = (
			);
			dependencies = (
			);
			name = chaoxi;
			productName = chaoxi;
			productReference = ECC381271BD8863A007A3680 /* chaoxi.app */;
			productType = "com.apple.product-type.application";
		};
		ECC381421BD8863A007A3680 /* chaoxiTests */ = {
			isa = PBXNativeTarget;
			buildConfigurationList = ECC381501BD8863A007A3680 /* Build configuration list for PBXNativeTarget "chaoxiTests" */;
			buildPhases = (
				ECC3813F1BD8863A007A3680 /* Sources */,
				ECC381401BD8863A007A3680 /* Frameworks */,
				ECC381411BD8863A007A3680 /* Resources */,
			);
			buildRules = (
			);
			dependencies = (
				ECC381451BD8863A007A3680 /* PBXTargetDependency */,
			);
			name = chaoxiTests;
			productName = chaoxiTests;
			productReference = ECC381431BD8863A007A3680 /* chaoxiTests.xctest */;
			productType = "com.apple.product-type.bundle.unit-test";
		};
/* End PBXNativeTarget section */

/* Begin PBXProject section */
		ECC3811F1BD8863A007A3680 /* Project object */ = {
			isa = PBXProject;
			attributes = {
				LastUpgradeCheck = 0700;
				ORGANIZATIONNAME = chaox;
				TargetAttributes = {
					ECC381261BD8863A007A3680 = {
						CreatedOnToolsVersion = 6.4;
						DevelopmentTeam = 72GN5UQFUF;
					};
					ECC381421BD8863A007A3680 = {
						CreatedOnToolsVersion = 6.4;
						TestTargetID = ECC381261BD8863A007A3680;
					};
				};
			};
			buildConfigurationList = ECC381221BD8863A007A3680 /* Build configuration list for PBXProject "chaoxi" */;
			compatibilityVersion = "Xcode 3.2";
			developmentRegion = English;
			hasScannedForEncodings = 0;
			knownRegions = (
				en,
				Base,
			);
			mainGroup = ECC3811E1BD8863A007A3680;
			productRefGroup = ECC381281BD8863A007A3680 /* Products */;
			projectDirPath = "";
			projectRoot = "";
			targets = (
				ECC381261BD8863A007A3680 /* chaoxi */,
				ECC381421BD8863A007A3680 /* chaoxiTests */,
			);
		};
/* End PBXProject section */

/* Begin PBXResourcesBuildPhase section */
		ECC381251BD8863A007A3680 /* Resources */ = {
			isa = PBXResourcesBuildPhase;
			buildActionMask = 2147483647;
			files = (
				ECA852351C2AA42300320E7C /* RadioListViewController.xib in Resources */,
				EC0A94711BE350A00085BC9B /* VideoDetailController.xib in Resources */,
				EC7D9EBB1BFB294B0092D887 /* WebViewController.xib in Resources */,
				ECA851F41C27FEA400320E7C /* DetailCell.xib in Resources */,
				EC029A581BDF64FA000F304C /* imagePlist.plist in Resources */,
				ECA8523A1C2AA43B00320E7C /* RadioListCell.xib in Resources */,
				EC378EB21BDDF7F6006FB4F0 /* ReadViewController.xib in Resources */,
				ECA852011C291EC000320E7C /* PlayOnViewController.xib in Resources */,
				ECC07BB71BDF531E003BE70B /* ListenViewController.xib in Resources */,
				EC378ED11BDDFD6E006FB4F0 /* Image.xcassets in Resources */,
				EC9642111C0C93A500D16E39 /* ShowDetailViewController.xib in Resources */,
				EC17268C1BF3023200A973EB /* PoeViewController.xib in Resources */,
				EC378EC11BDDF86E006FB4F0 /* FunnyViewController.xib in Resources */,
				EC029A561BDF54FE000F304C /* LuoIMagaCell.xib in Resources */,
			);
			runOnlyForDeploymentPostprocessing = 0;
		};
		ECC381411BD8863A007A3680 /* Resources */ = {
			isa = PBXResourcesBuildPhase;
			buildActionMask = 2147483647;
			files = (
			);
			runOnlyForDeploymentPostprocessing = 0;
		};
/* End PBXResourcesBuildPhase section */

/* Begin PBXShellScriptBuildPhase section */
		03A31FDF1C1D2066465B0335 /* Embed Pods Frameworks */ = {
			isa = PBXShellScriptBuildPhase;
			buildActionMask = 2147483647;
			files = (
			);
			inputPaths = (
			);
			name = "Embed Pods Frameworks";
			outputPaths = (
			);
			runOnlyForDeploymentPostprocessing = 0;
			shellPath = /bin/sh;
			shellScript = "\"${SRCROOT}/Pods/Target Support Files/Pods/Pods-frameworks.sh\"\n";
			showEnvVarsInLog = 0;
		};
		77BF2AE83C2C1D900ADFF96A /* Check Pods Manifest.lock */ = {
			isa = PBXShellScriptBuildPhase;
			buildActionMask = 2147483647;
			files = (
			);
			inputPaths = (
			);
			name = "Check Pods Manifest.lock";
			outputPaths = (
			);
			runOnlyForDeploymentPostprocessing = 0;
			shellPath = /bin/sh;
			shellScript = "diff \"${PODS_ROOT}/../Podfile.lock\" \"${PODS_ROOT}/Manifest.lock\" > /dev/null\nif [[ $? != 0 ]] ; then\n    cat << EOM\nerror: The sandbox is not in sync with the Podfile.lock. Run 'pod install' or update your CocoaPods installation.\nEOM\n    exit 1\nfi\n";
			showEnvVarsInLog = 0;
		};
		DB17580D7253BA4FEFD83FEC /* Copy Pods Resources */ = {
			isa = PBXShellScriptBuildPhase;
			buildActionMask = 2147483647;
			files = (
			);
			inputPaths = (
			);
			name = "Copy Pods Resources";
			outputPaths = (
			);
			runOnlyForDeploymentPostprocessing = 0;
			shellPath = /bin/sh;
			shellScript = "\"${SRCROOT}/Pods/Target Support Files/Pods/Pods-resources.sh\"\n";
			showEnvVarsInLog = 0;
		};
/* End PBXShellScriptBuildPhase section */

/* Begin PBXSourcesBuildPhase section */
		ECC381231BD8863A007A3680 /* Sources */ = {
			isa = PBXSourcesBuildPhase;
			buildActionMask = 2147483647;
			files = (
				EC5B45281C1AB6F800DBD54C /* CXIntercepter.m in Sources */,
				EC9642101C0C93A500D16E39 /* ShowDetailViewController.m in Sources */,
				ECFBA0F01C23AAF500761349 /* MuseumDetailViewController.m in Sources */,
				ECA1D8D51C228F2000DC35F9 /* ModalView.m in Sources */,
				EC6A7B751BFB085F00789E41 /* CXSliderViewLayout.m in Sources */,
				ECEC6FAB1C17C45E00A5251D /* CXImageShow.m in Sources */,
				EC1726D91BF30A8F00A973EB /* AFHTTPSessionManager+RACSupport.m in Sources */,
				EC7E6E531C05B4CA0062518A /* ArtViewController.m in Sources */,
				EC7E6E681C06D12B0062518A /* MuseumShowCell.m in Sources */,
				EC1726C01BF3039E00A973EB /* Poem.m in Sources */,
				EC7E6E771C06F1130062518A /* MuseumShowModel.m in Sources */,
				ECD97A961C3262FD003B9514 /* UINavigationBar+HideAppear.m in Sources */,
				EC0A94701BE350A00085BC9B /* VideoDetailController.m in Sources */,
				ECC07BB61BDF531E003BE70B /* ListenViewController.m in Sources */,
				EC0A94571BE20EEF0085BC9B /* CXHttpManager.m in Sources */,
				EC1726DB1BF30A8F00A973EB /* RACSubscriber+AFProgressCallbacks.m in Sources */,
				ECA852441C2BCE1C00320E7C /* CXLineView.m in Sources */,
				EC378EC91BDDFAC4006FB4F0 /* NavigationViewController.m in Sources */,
				EC029A551BDF54FE000F304C /* LuoIMagaCell.m in Sources */,
				EC6A7B781BFB10A400789E41 /* FunnyViewModel.m in Sources */,
				EC0A945B1BE212020085BC9B /* ViedoModel.m in Sources */,
				EC55F1E71C3263A10060E638 /* FMDatabaseQueue+Extension.m in Sources */,
				ECC3819A1BD8898F007A3680 /* AppDelegate.m in Sources */,
				EC55B0FC1C5205C700732520 /* CXMagicMoveTransition.m in Sources */,
				EC1726CB1BF30A4600A973EB /* CXAlterItemButton.m in Sources */,
				ECA852001C291EC000320E7C /* PlayOnViewController.m in Sources */,
				EC7E6E521C05B4CA0062518A /* ArtHeaderView.m in Sources */,
				EC7E6E511C05B4CA0062518A /* ArtCell.m in Sources */,
				EC7E6E651C06D1120062518A /* MuseumShowViewController.m in Sources */,
				ECA851F31C27FEA400320E7C /* DetailCell.m in Sources */,
				EC5B45191C196B4700DBD54C /* CXPushTransition.m in Sources */,
				EC1726BB1BF3033F00A973EB /* SaveViewController.m in Sources */,
				ECD97A971C3262FD003B9514 /* UIView+Utils.m in Sources */,
				EC1726CC1BF30A4600A973EB /* CXWelcomeView.m in Sources */,
				EC6A7B741BFB085F00789E41 /* CXSliderViewCell.m in Sources */,
				EC3DDA8B1C3113D900814986 /* CXAPIManage.m in Sources */,
				EC55F1EA1C3263F10060E638 /* SSObjectBase.m in Sources */,
				EC7D9EBA1BFB294B0092D887 /* WebViewController.m in Sources */,
				ECC07BA81BDF1AC5003BE70B /* BaseViewController.m in Sources */,
				EC1726831BF2F27F00A973EB /* PoeViewModel.m in Sources */,
				EC025E471C45FB7D001C16D8 /* UIScrollView+Paging.m in Sources */,
				EC5B451C1C198C2D00DBD54C /* CXPopTransition.m in Sources */,
				ECA852391C2AA43B00320E7C /* RadioListCell.m in Sources */,
				ECD97A921C3262FD003B9514 /* NSObject+Common.m in Sources */,
				ECA8520D1C2A4F7900320E7C /* CXAudioPlayer.m in Sources */,
				ECA1D8D21C22827900DC35F9 /* ModalViewController.m in Sources */,
				EC1726871BF300BA00A973EB /* ListenListViewModel.m in Sources */,
				ECBC75171C15211300234000 /* CXProgress.m in Sources */,
				ECD97A931C3262FD003B9514 /* UIImage+Blur.m in Sources */,
				EC1726CA1BF30A4600A973EB /* CXAlterButton.m in Sources */,
				EC55B0F91C51CDEB00732520 /* CXDashLineView.m in Sources */,
				ECA852051C293DF400320E7C /* PlayBaseViewController.m in Sources */,
				EC82440F1C03FD7F0082219E /* CXDropMenuView.m in Sources */,
				EC1726D81BF30A8F00A973EB /* AFHTTPRequestOperationManager+RACSupport.m in Sources */,
				ECA852341C2AA42300320E7C /* RadioListViewController.m in Sources */,
				ECFBA0ED1C23A6C800761349 /* CXDismissTransition.m in Sources */,
				ECD97A941C3262FD003B9514 /* UIImage+Common.m in Sources */,
				EC55B0FF1C520B7300732520 /* CXMagicMoveRetrun.m in Sources */,
				EC7E6E3A1C05B1B80062518A /* MuseumModel.m in Sources */,
				EC17268B1BF3023200A973EB /* PoeViewController.m in Sources */,
				EC9642051C0C364000D16E39 /* ShowDetailViewModel.m in Sources */,
				EC7E6E361C05AE3C0062518A /* MuseumListViewModel.m in Sources */,
				EC1726B91BF3033F00A973EB /* ClearCacheViewController.m in Sources */,
				ECC3819B1BD8898F007A3680 /* main.m in Sources */,
				ECA851EC1C27CDA600320E7C /* ViedoDetailViewModel.m in Sources */,
				EC1726DA1BF30A8F00A973EB /* AFURLConnectionOperation+RACSupport.m in Sources */,
				EC7E6E741C06F0D50062518A /* MuseumShowViewModel.m in Sources */,
				ECD97A951C3262FD003B9514 /* UINavigationBar+Awesome.m in Sources */,
				EC378EB11BDDF7F6006FB4F0 /* ReadViewController.m in Sources */,
				ECA852401C2BC6E900320E7C /* CXNotification.m in Sources */,
				ECFBA0EA1C23A6B100761349 /* CXPresentTransition.m in Sources */,
				EC2702FD1C3147F200D10C52 /* ODRefreshControl.m in Sources */,
				EC378EC01BDDF86E006FB4F0 /* FunnyViewController.m in Sources */,
				EC1726841BF2F27F00A973EB /* CXViewModelClass.m in Sources */,
				EC3DDA8E1C3125E100814986 /* CXAPIClient.m in Sources */,
				ECA851EF1C27CDC000320E7C /* PlayOnViewModel.m in Sources */,
				EC82440E1C03FD7F0082219E /* CXDropMenuItemView.m in Sources */,
				EC1726B71BF3033F00A973EB /* AboutUsViewController.m in Sources */,
			);
			runOnlyForDeploymentPostprocessing = 0;
		};
		ECC3813F1BD8863A007A3680 /* Sources */ = {
			isa = PBXSourcesBuildPhase;
			buildActionMask = 2147483647;
			files = (
				ECC3814A1BD8863A007A3680 /* chaoxiTests.m in Sources */,
			);
			runOnlyForDeploymentPostprocessing = 0;
		};
/* End PBXSourcesBuildPhase section */

/* Begin PBXTargetDependency section */
		ECC381451BD8863A007A3680 /* PBXTargetDependency */ = {
			isa = PBXTargetDependency;
			target = ECC381261BD8863A007A3680 /* chaoxi */;
			targetProxy = ECC381441BD8863A007A3680 /* PBXContainerItemProxy */;
		};
/* End PBXTargetDependency section */

/* Begin XCBuildConfiguration section */
		ECC3814B1BD8863A007A3680 /* Debug */ = {
			isa = XCBuildConfiguration;
			buildSettings = {
				ALWAYS_SEARCH_USER_PATHS = NO;
				CLANG_CXX_LANGUAGE_STANDARD = "gnu++0x";
				CLANG_CXX_LIBRARY = "libc++";
				CLANG_ENABLE_MODULES = YES;
				CLANG_ENABLE_OBJC_ARC = YES;
				CLANG_WARN_BOOL_CONVERSION = YES;
				CLANG_WARN_CONSTANT_CONVERSION = YES;
				CLANG_WARN_DIRECT_OBJC_ISA_USAGE = YES_ERROR;
				CLANG_WARN_EMPTY_BODY = YES;
				CLANG_WARN_ENUM_CONVERSION = YES;
				CLANG_WARN_INT_CONVERSION = YES;
				CLANG_WARN_OBJC_ROOT_CLASS = YES_ERROR;
				CLANG_WARN_UNREACHABLE_CODE = YES;
				CLANG_WARN__DUPLICATE_METHOD_MATCH = YES;
				"CODE_SIGN_IDENTITY[sdk=iphoneos*]" = "iPhone Developer";
				COPY_PHASE_STRIP = NO;
				DEBUG_INFORMATION_FORMAT = "dwarf-with-dsym";
				ENABLE_STRICT_OBJC_MSGSEND = YES;
				ENABLE_TESTABILITY = YES;
				GCC_C_LANGUAGE_STANDARD = gnu99;
				GCC_DYNAMIC_NO_PIC = NO;
				GCC_NO_COMMON_BLOCKS = YES;
				GCC_OPTIMIZATION_LEVEL = 0;
				GCC_PREPROCESSOR_DEFINITIONS = (
					"DEBUG=1",
					"$(inherited)",
				);
				GCC_SYMBOLS_PRIVATE_EXTERN = NO;
				GCC_WARN_64_TO_32_BIT_CONVERSION = YES;
				GCC_WARN_ABOUT_RETURN_TYPE = YES_ERROR;
				GCC_WARN_UNDECLARED_SELECTOR = YES;
				GCC_WARN_UNINITIALIZED_AUTOS = YES_AGGRESSIVE;
				GCC_WARN_UNUSED_FUNCTION = YES;
				GCC_WARN_UNUSED_VARIABLE = YES;
				IPHONEOS_DEPLOYMENT_TARGET = 8.4;
				MTL_ENABLE_DEBUG_INFO = YES;
				ONLY_ACTIVE_ARCH = YES;
				SDKROOT = iphoneos;
			};
			name = Debug;
		};
		ECC3814C1BD8863A007A3680 /* Release */ = {
			isa = XCBuildConfiguration;
			buildSettings = {
				ALWAYS_SEARCH_USER_PATHS = NO;
				CLANG_CXX_LANGUAGE_STANDARD = "gnu++0x";
				CLANG_CXX_LIBRARY = "libc++";
				CLANG_ENABLE_MODULES = YES;
				CLANG_ENABLE_OBJC_ARC = YES;
				CLANG_WARN_BOOL_CONVERSION = YES;
				CLANG_WARN_CONSTANT_CONVERSION = YES;
				CLANG_WARN_DIRECT_OBJC_ISA_USAGE = YES_ERROR;
				CLANG_WARN_EMPTY_BODY = YES;
				CLANG_WARN_ENUM_CONVERSION = YES;
				CLANG_WARN_INT_CONVERSION = YES;
				CLANG_WARN_OBJC_ROOT_CLASS = YES_ERROR;
				CLANG_WARN_UNREACHABLE_CODE = YES;
				CLANG_WARN__DUPLICATE_METHOD_MATCH = YES;
				"CODE_SIGN_IDENTITY[sdk=iphoneos*]" = "iPhone Developer";
				COPY_PHASE_STRIP = NO;
				DEBUG_INFORMATION_FORMAT = "dwarf-with-dsym";
				ENABLE_NS_ASSERTIONS = NO;
				ENABLE_STRICT_OBJC_MSGSEND = YES;
				GCC_C_LANGUAGE_STANDARD = gnu99;
				GCC_NO_COMMON_BLOCKS = YES;
				GCC_WARN_64_TO_32_BIT_CONVERSION = YES;
				GCC_WARN_ABOUT_RETURN_TYPE = YES_ERROR;
				GCC_WARN_UNDECLARED_SELECTOR = YES;
				GCC_WARN_UNINITIALIZED_AUTOS = YES_AGGRESSIVE;
				GCC_WARN_UNUSED_FUNCTION = YES;
				GCC_WARN_UNUSED_VARIABLE = YES;
				IPHONEOS_DEPLOYMENT_TARGET = 8.4;
				MTL_ENABLE_DEBUG_INFO = NO;
				SDKROOT = iphoneos;
				VALIDATE_PRODUCT = YES;
			};
			name = Release;
		};
		ECC3814E1BD8863A007A3680 /* Debug */ = {
			isa = XCBuildConfiguration;
			baseConfigurationReference = 85743A70CF82F191142250A8 /* Pods.debug.xcconfig */;
			buildSettings = {
				ASSETCATALOG_COMPILER_APPICON_NAME = AppIcon;
				CLANG_ALLOW_NON_MODULAR_INCLUDES_IN_FRAMEWORK_MODULES = YES;
				CODE_SIGN_IDENTITY = "iPhone Developer";
				"CODE_SIGN_IDENTITY[sdk=iphoneos*]" = "iPhone Developer";
				GCC_PRECOMPILE_PREFIX_HEADER = YES;
				GCC_PREFIX_HEADER = "$(SRCROOT)/chaoxi/expand/Macros/PrefixHeader.pch";
				INFOPLIST_FILE = chaoxi/Info.plist;
				LD_RUNPATH_SEARCH_PATHS = "$(inherited) @executable_path/Frameworks";
				PRODUCT_BUNDLE_IDENTIFIER = "chaox.$(PRODUCT_NAME:rfc1034identifier)";
				PRODUCT_NAME = "$(TARGET_NAME)";
				PROVISIONING_PROFILE = "b3d5a9c2-af63-4180-82f2-d7b4e65991c3";
				USER_HEADER_SEARCH_PATHS = "$(PODS_ROOT)/**";
			};
			name = Debug;
		};
		ECC3814F1BD8863A007A3680 /* Release */ = {
			isa = XCBuildConfiguration;
			baseConfigurationReference = 3F2D210BB5C36AC66834FAF5 /* Pods.release.xcconfig */;
			buildSettings = {
				ASSETCATALOG_COMPILER_APPICON_NAME = AppIcon;
				CLANG_ALLOW_NON_MODULAR_INCLUDES_IN_FRAMEWORK_MODULES = YES;
				CODE_SIGN_IDENTITY = "iPhone Distribution: Shanghai Red Fortune Wealth Management Co., Ltd. (72GN5UQFUF)";
				"CODE_SIGN_IDENTITY[sdk=iphoneos*]" = "iPhone Distribution: Shanghai Red Fortune Wealth Management Co., Ltd. (72GN5UQFUF)";
				GCC_PRECOMPILE_PREFIX_HEADER = YES;
				GCC_PREFIX_HEADER = "$(SRCROOT)/chaoxi/expand/Macros/PrefixHeader.pch";
				INFOPLIST_FILE = chaoxi/Info.plist;
				LD_RUNPATH_SEARCH_PATHS = "$(inherited) @executable_path/Frameworks";
				PRODUCT_BUNDLE_IDENTIFIER = "chaox.$(PRODUCT_NAME:rfc1034identifier)";
				PRODUCT_NAME = "$(TARGET_NAME)";
				PROVISIONING_PROFILE = "b3d5a9c2-af63-4180-82f2-d7b4e65991c3";
				USER_HEADER_SEARCH_PATHS = "$(PODS_ROOT)/**";
			};
			name = Release;
		};
		ECC381511BD8863A007A3680 /* Debug */ = {
			isa = XCBuildConfiguration;
			buildSettings = {
				BUNDLE_LOADER = "$(TEST_HOST)";
				FRAMEWORK_SEARCH_PATHS = (
					"$(SDKROOT)/Developer/Library/Frameworks",
					"$(inherited)",
				);
				GCC_PREPROCESSOR_DEFINITIONS = (
					"DEBUG=1",
					"$(inherited)",
				);
				INFOPLIST_FILE = chaoxiTests/Info.plist;
				LD_RUNPATH_SEARCH_PATHS = "$(inherited) @executable_path/Frameworks @loader_path/Frameworks";
				PRODUCT_BUNDLE_IDENTIFIER = "chaox.$(PRODUCT_NAME:rfc1034identifier)";
				PRODUCT_NAME = "$(TARGET_NAME)";
				TEST_HOST = "$(BUILT_PRODUCTS_DIR)/chaoxi.app/chaoxi";
			};
			name = Debug;
		};
		ECC381521BD8863A007A3680 /* Release */ = {
			isa = XCBuildConfiguration;
			buildSettings = {
				BUNDLE_LOADER = "$(TEST_HOST)";
				FRAMEWORK_SEARCH_PATHS = (
					"$(SDKROOT)/Developer/Library/Frameworks",
					"$(inherited)",
				);
				INFOPLIST_FILE = chaoxiTests/Info.plist;
				LD_RUNPATH_SEARCH_PATHS = "$(inherited) @executable_path/Frameworks @loader_path/Frameworks";
				PRODUCT_BUNDLE_IDENTIFIER = "chaox.$(PRODUCT_NAME:rfc1034identifier)";
				PRODUCT_NAME = "$(TARGET_NAME)";
				TEST_HOST = "$(BUILT_PRODUCTS_DIR)/chaoxi.app/chaoxi";
			};
			name = Release;
		};
/* End XCBuildConfiguration section */

/* Begin XCConfigurationList section */
		ECC381221BD8863A007A3680 /* Build configuration list for PBXProject "chaoxi" */ = {
			isa = XCConfigurationList;
			buildConfigurations = (
				ECC3814B1BD8863A007A3680 /* Debug */,
				ECC3814C1BD8863A007A3680 /* Release */,
			);
			defaultConfigurationIsVisible = 0;
			defaultConfigurationName = Release;
		};
		ECC3814D1BD8863A007A3680 /* Build configuration list for PBXNativeTarget "chaoxi" */ = {
			isa = XCConfigurationList;
			buildConfigurations = (
				ECC3814E1BD8863A007A3680 /* Debug */,
				ECC3814F1BD8863A007A3680 /* Release */,
			);
			defaultConfigurationIsVisible = 0;
			defaultConfigurationName = Release;
		};
		ECC381501BD8863A007A3680 /* Build configuration list for PBXNativeTarget "chaoxiTests" */ = {
			isa = XCConfigurationList;
			buildConfigurations = (
				ECC381511BD8863A007A3680 /* Debug */,
				ECC381521BD8863A007A3680 /* Release */,
			);
			defaultConfigurationIsVisible = 0;
			defaultConfigurationName = Release;
		};
/* End XCConfigurationList section */
	};
	rootObject = ECC3811F1BD8863A007A3680 /* Project object */;
}
